// !$*UTF8*$!
{
	archiveVersion = 1;
	classes = {
	};
	objectVersion = 46;
	objects = {

/* Begin PBXBuildFile section */
		3F310BB8175A9E480093AF99 /* UIKit.framework in Frameworks */ = {isa = PBXBuildFile; fileRef = 3F310BB7175A9E480093AF99 /* UIKit.framework */; };
		3F310BBA175A9E480093AF99 /* Foundation.framework in Frameworks */ = {isa = PBXBuildFile; fileRef = 3F310BB9175A9E480093AF99 /* Foundation.framework */; };
		3F310BBC175A9E480093AF99 /* CoreGraphics.framework in Frameworks */ = {isa = PBXBuildFile; fileRef = 3F310BBB175A9E480093AF99 /* CoreGraphics.framework */; };
		3F310BC2175A9E480093AF99 /* InfoPlist.strings in Resources */ = {isa = PBXBuildFile; fileRef = 3F310BC0175A9E480093AF99 /* InfoPlist.strings */; };
		3F310BC4175A9E480093AF99 /* main.m in Sources */ = {isa = PBXBuildFile; fileRef = 3F310BC3175A9E480093AF99 /* main.m */; };
		3F310BC8175A9E480093AF99 /* CipherAppDelegate.m in Sources */ = {isa = PBXBuildFile; fileRef = 3F310BC7175A9E480093AF99 /* CipherAppDelegate.m */; };
		3F310BCA175A9E480093AF99 /* Default.png in Resources */ = {isa = PBXBuildFile; fileRef = 3F310BC9175A9E480093AF99 /* Default.png */; };
		3F310BCC175A9E480093AF99 /* Default@2x.png in Resources */ = {isa = PBXBuildFile; fileRef = 3F310BCB175A9E480093AF99 /* Default@2x.png */; };
		3F310BCE175A9E480093AF99 /* Default-568h@2x.png in Resources */ = {isa = PBXBuildFile; fileRef = 3F310BCD175A9E480093AF99 /* Default-568h@2x.png */; };
		3F310BD1175A9E480093AF99 /* iPad.storyboard in Resources */ = {isa = PBXBuildFile; fileRef = 3F310BCF175A9E480093AF99 /* iPad.storyboard */; };
		3F310BD4175A9E480093AF99 /* CipherViewController.m in Sources */ = {isa = PBXBuildFile; fileRef = 3F310BD3175A9E480093AF99 /* CipherViewController.m */; };
		3F310BD6175A9E480093AF99 /* first.png in Resources */ = {isa = PBXBuildFile; fileRef = 3F310BD5175A9E480093AF99 /* first.png */; };
		3F310BD8175A9E480093AF99 /* first@2x.png in Resources */ = {isa = PBXBuildFile; fileRef = 3F310BD7175A9E480093AF99 /* first@2x.png */; };
		3F310BDB175A9E480093AF99 /* CipherDebugViewController.m in Sources */ = {isa = PBXBuildFile; fileRef = 3F310BDA175A9E480093AF99 /* CipherDebugViewController.m */; };
		3F310BDD175A9E480093AF99 /* second.png in Resources */ = {isa = PBXBuildFile; fileRef = 3F310BDC175A9E480093AF99 /* second.png */; };
		3F310BDF175A9E480093AF99 /* second@2x.png in Resources */ = {isa = PBXBuildFile; fileRef = 3F310BDE175A9E480093AF99 /* second@2x.png */; };
		3F310BE7175A9FEA0093AF99 /* iPhone.storyboard in Resources */ = {isa = PBXBuildFile; fileRef = 3F310BE6175A9FEA0093AF99 /* iPhone.storyboard */; };
		3F310BEE175AB75B0093AF99 /* CipherLayer.m in Sources */ = {isa = PBXBuildFile; fileRef = 3F310BED175AB75B0093AF99 /* CipherLayer.m */; };
		3F310BF2175E47E30093AF99 /* UIBezierPath+PathMorphing.m in Sources */ = {isa = PBXBuildFile; fileRef = 3F310BF1175E47E30093AF99 /* UIBezierPath+PathMorphing.m */; };
		3FA2FCBF18AE67D600209EDC /* CipherDebugLayer.m in Sources */ = {isa = PBXBuildFile; fileRef = 3FA2FCBE18AE67D600209EDC /* CipherDebugLayer.m */; };
/* End PBXBuildFile section */

/* Begin PBXFileReference section */
		3F310BB4175A9E480093AF99 /* Cipher.app */ = {isa = PBXFileReference; explicitFileType = wrapper.application; includeInIndex = 0; path = Cipher.app; sourceTree = BUILT_PRODUCTS_DIR; };
		3F310BB7175A9E480093AF99 /* UIKit.framework */ = {isa = PBXFileReference; lastKnownFileType = wrapper.framework; name = UIKit.framework; path = System/Library/Frameworks/UIKit.framework; sourceTree = SDKROOT; };
		3F310BB9175A9E480093AF99 /* Foundation.framework */ = {isa = PBXFileReference; lastKnownFileType = wrapper.framework; name = Foundation.framework; path = System/Library/Frameworks/Foundation.framework; sourceTree = SDKROOT; };
		3F310BBB175A9E480093AF99 /* CoreGraphics.framework */ = {isa = PBXFileReference; lastKnownFileType = wrapper.framework; name = CoreGraphics.framework; path = System/Library/Frameworks/CoreGraphics.framework; sourceTree = SDKROOT; };
		3F310BBF175A9E480093AF99 /* Cipher-Info.plist */ = {isa = PBXFileReference; lastKnownFileType = text.plist.xml; path = "Cipher-Info.plist"; sourceTree = "<group>"; };
		3F310BC1175A9E480093AF99 /* en */ = {isa = PBXFileReference; lastKnownFileType = text.plist.strings; name = en; path = en.lproj/InfoPlist.strings; sourceTree = "<group>"; };
		3F310BC3175A9E480093AF99 /* main.m */ = {isa = PBXFileReference; lastKnownFileType = sourcecode.c.objc; path = main.m; sourceTree = "<group>"; };
		3F310BC5175A9E480093AF99 /* Cipher-Prefix.pch */ = {isa = PBXFileReference; lastKnownFileType = sourcecode.c.h; path = "Cipher-Prefix.pch"; sourceTree = "<group>"; };
		3F310BC6175A9E480093AF99 /* CipherAppDelegate.h */ = {isa = PBXFileReference; lastKnownFileType = sourcecode.c.h; path = CipherAppDelegate.h; sourceTree = "<group>"; };
		3F310BC7175A9E480093AF99 /* CipherAppDelegate.m */ = {isa = PBXFileReference; lastKnownFileType = sourcecode.c.objc; path = CipherAppDelegate.m; sourceTree = "<group>"; };
		3F310BC9175A9E480093AF99 /* Default.png */ = {isa = PBXFileReference; lastKnownFileType = image.png; path = Default.png; sourceTree = "<group>"; };
		3F310BCB175A9E480093AF99 /* Default@2x.png */ = {isa = PBXFileReference; lastKnownFileType = image.png; path = "Default@2x.png"; sourceTree = "<group>"; };
		3F310BCD175A9E480093AF99 /* Default-568h@2x.png */ = {isa = PBXFileReference; lastKnownFileType = image.png; path = "Default-568h@2x.png"; sourceTree = "<group>"; };
		3F310BD0175A9E480093AF99 /* en */ = {isa = PBXFileReference; lastKnownFileType = file.storyboard; name = en; path = en.lproj/iPad.storyboard; sourceTree = "<group>"; };
		3F310BD2175A9E480093AF99 /* CipherViewController.h */ = {isa = PBXFileReference; lastKnownFileType = sourcecode.c.h; path = CipherViewController.h; sourceTree = "<group>"; };
		3F310BD3175A9E480093AF99 /* CipherViewController.m */ = {isa = PBXFileReference; lastKnownFileType = sourcecode.c.objc; path = CipherViewController.m; sourceTree = "<group>"; };
		3F310BD5175A9E480093AF99 /* first.png */ = {isa = PBXFileReference; lastKnownFileType = image.png; path = first.png; sourceTree = "<group>"; };
		3F310BD7175A9E480093AF99 /* first@2x.png */ = {isa = PBXFileReference; lastKnownFileType = image.png; path = "first@2x.png"; sourceTree = "<group>"; };
		3F310BD9175A9E480093AF99 /* CipherDebugViewController.h */ = {isa = PBXFileReference; lastKnownFileType = sourcecode.c.h; path = CipherDebugViewController.h; sourceTree = "<group>"; };
		3F310BDA175A9E480093AF99 /* CipherDebugViewController.m */ = {isa = PBXFileReference; lastKnownFileType = sourcecode.c.objc; path = CipherDebugViewController.m; sourceTree = "<group>"; };
		3F310BDC175A9E480093AF99 /* second.png */ = {isa = PBXFileReference; lastKnownFileType = image.png; path = second.png; sourceTree = "<group>"; };
		3F310BDE175A9E480093AF99 /* second@2x.png */ = {isa = PBXFileReference; lastKnownFileType = image.png; path = "second@2x.png"; sourceTree = "<group>"; };
		3F310BE6175A9FEA0093AF99 /* iPhone.storyboard */ = {isa = PBXFileReference; fileEncoding = 4; lastKnownFileType = file.storyboard; name = iPhone.storyboard; path = en.lproj/iPhone.storyboard; sourceTree = "<group>"; };
		3F310BEC175AB75B0093AF99 /* CipherLayer.h */ = {isa = PBXFileReference; fileEncoding = 4; lastKnownFileType = sourcecode.c.h; path = CipherLayer.h; sourceTree = "<group>"; };
		3F310BED175AB75B0093AF99 /* CipherLayer.m */ = {isa = PBXFileReference; fileEncoding = 4; lastKnownFileType = sourcecode.c.objc; path = CipherLayer.m; sourceTree = "<group>"; };
		3F310BF0175E47E30093AF99 /* UIBezierPath+PathMorphing.h */ = {isa = PBXFileReference; fileEncoding = 4; lastKnownFileType = sourcecode.c.h; path = "UIBezierPath+PathMorphing.h"; sourceTree = "<group>"; };
		3F310BF1175E47E30093AF99 /* UIBezierPath+PathMorphing.m */ = {isa = PBXFileReference; fileEncoding = 4; lastKnownFileType = sourcecode.c.objc; path = "UIBezierPath+PathMorphing.m"; sourceTree = "<group>"; };
		3FA2FCBD18AE67D600209EDC /* CipherDebugLayer.h */ = {isa = PBXFileReference; fileEncoding = 4; lastKnownFileType = sourcecode.c.h; path = CipherDebugLayer.h; sourceTree = "<group>"; };
		3FA2FCBE18AE67D600209EDC /* CipherDebugLayer.m */ = {isa = PBXFileReference; fileEncoding = 4; lastKnownFileType = sourcecode.c.objc; path = CipherDebugLayer.m; sourceTree = "<group>"; };
/* End PBXFileReference section */

/* Begin PBXFrameworksBuildPhase section */
		3F310BB1175A9E480093AF99 /* Frameworks */ = {
			isa = PBXFrameworksBuildPhase;
			buildActionMask = 2147483647;
			files = (
				3F310BB8175A9E480093AF99 /* UIKit.framework in Frameworks */,
				3F310BBA175A9E480093AF99 /* Foundation.framework in Frameworks */,
				3F310BBC175A9E480093AF99 /* CoreGraphics.framework in Frameworks */,
			);
			runOnlyForDeploymentPostprocessing = 0;
		};
/* End PBXFrameworksBuildPhase section */

/* Begin PBXGroup section */
		3F310BAB175A9E480093AF99 = {
			isa = PBXGroup;
			children = (
				3F310BBD175A9E480093AF99 /* App Core */,
				3F310BE5175A9EC50093AF99 /* Main View */,
				3FA2FCBC18AE67BC00209EDC /* Debug */,
				3F310BEF175E47B30093AF99 /* UIBezierPath Categories */,
				3F310BBE175A9E480093AF99 /* Resources */,
				3F310BB6175A9E480093AF99 /* Frameworks */,
				3F310BB5175A9E480093AF99 /* Products */,
			);
			sourceTree = "<group>";
		};
		3F310BB5175A9E480093AF99 /* Products */ = {
			isa = PBXGroup;
			children = (
				3F310BB4175A9E480093AF99 /* Cipher.app */,
			);
			name = Products;
			sourceTree = "<group>";
		};
		3F310BB6175A9E480093AF99 /* Frameworks */ = {
			isa = PBXGroup;
			children = (
				3F310BB7175A9E480093AF99 /* UIKit.framework */,
				3F310BB9175A9E480093AF99 /* Foundation.framework */,
				3F310BBB175A9E480093AF99 /* CoreGraphics.framework */,
			);
			name = Frameworks;
			sourceTree = "<group>";
		};
		3F310BBD175A9E480093AF99 /* App Core */ = {
			isa = PBXGroup;
			children = (
				3F310BC5175A9E480093AF99 /* Cipher-Prefix.pch */,
				3F310BBF175A9E480093AF99 /* Cipher-Info.plist */,
				3F310BC0175A9E480093AF99 /* InfoPlist.strings */,
				3F310BC3175A9E480093AF99 /* main.m */,
				3F310BCF175A9E480093AF99 /* iPad.storyboard */,
				3F310BE6175A9FEA0093AF99 /* iPhone.storyboard */,
				3F310BC6175A9E480093AF99 /* CipherAppDelegate.h */,
				3F310BC7175A9E480093AF99 /* CipherAppDelegate.m */,
			);
			name = "App Core";
			path = Cipher;
			sourceTree = "<group>";
		};
		3F310BBE175A9E480093AF99 /* Resources */ = {
			isa = PBXGroup;
			children = (
				3F310BD5175A9E480093AF99 /* first.png */,
				3F310BD7175A9E480093AF99 /* first@2x.png */,
				3F310BDC175A9E480093AF99 /* second.png */,
				3F310BDE175A9E480093AF99 /* second@2x.png */,
				3F310BC9175A9E480093AF99 /* Default.png */,
				3F310BCB175A9E480093AF99 /* Default@2x.png */,
				3F310BCD175A9E480093AF99 /* Default-568h@2x.png */,
			);
			name = Resources;
			path = Cipher;
			sourceTree = "<group>";
		};
		3F310BE5175A9EC50093AF99 /* Main View */ = {
			isa = PBXGroup;
			children = (
				3F310BD2175A9E480093AF99 /* CipherViewController.h */,
				3F310BD3175A9E480093AF99 /* CipherViewController.m */,
				3F310BEC175AB75B0093AF99 /* CipherLayer.h */,
				3F310BED175AB75B0093AF99 /* CipherLayer.m */,
			);
			name = "Main View";
			path = Cipher;
			sourceTree = "<group>";
		};
		3F310BEF175E47B30093AF99 /* UIBezierPath Categories */ = {
			isa = PBXGroup;
			children = (
				3F310BF0175E47E30093AF99 /* UIBezierPath+PathMorphing.h */,
				3F310BF1175E47E30093AF99 /* UIBezierPath+PathMorphing.m */,
			);
			name = "UIBezierPath Categories";
			path = Cipher;
			sourceTree = "<group>";
		};
		3FA2FCBC18AE67BC00209EDC /* Debug */ = {
			isa = PBXGroup;
			children = (
				3F310BD9175A9E480093AF99 /* CipherDebugViewController.h */,
				3F310BDA175A9E480093AF99 /* CipherDebugViewController.m */,
				3FA2FCBD18AE67D600209EDC /* CipherDebugLayer.h */,
				3FA2FCBE18AE67D600209EDC /* CipherDebugLayer.m */,
			);
			name = Debug;
			path = Cipher;
			sourceTree = "<group>";
		};
/* End PBXGroup section */

/* Begin PBXNativeTarget section */
		3F310BB3175A9E480093AF99 /* Cipher */ = {
			isa = PBXNativeTarget;
			buildConfigurationList = 3F310BE2175A9E480093AF99 /* Build configuration list for PBXNativeTarget "Cipher" */;
			buildPhases = (
				3F310BB0175A9E480093AF99 /* Sources */,
				3F310BB1175A9E480093AF99 /* Frameworks */,
				3F310BB2175A9E480093AF99 /* Resources */,
			);
			buildRules = (
			);
			dependencies = (
			);
			name = Cipher;
			productName = Cipher;
			productReference = 3F310BB4175A9E480093AF99 /* Cipher.app */;
			productType = "com.apple.product-type.application";
		};
/* End PBXNativeTarget section */

/* Begin PBXProject section */
		3F310BAC175A9E480093AF99 /* Project object */ = {
			isa = PBXProject;
			attributes = {
				CLASSPREFIX = Cipher;
				LastUpgradeCheck = 0460;
				ORGANIZATIONNAME = "Leonhard Lichtschlag";
			};
			buildConfigurationList = 3F310BAF175A9E480093AF99 /* Build configuration list for PBXProject "Cipher" */;
			compatibilityVersion = "Xcode 3.2";
			developmentRegion = English;
			hasScannedForEncodings = 0;
			knownRegions = (
				en,
			);
			mainGroup = 3F310BAB175A9E480093AF99;
			productRefGroup = 3F310BB5175A9E480093AF99 /* Products */;
			projectDirPath = "";
			projectRoot = "";
			targets = (
				3F310BB3175A9E480093AF99 /* Cipher */,
			);
		};
/* End PBXProject section */

/* Begin PBXResourcesBuildPhase section */
		3F310BB2175A9E480093AF99 /* Resources */ = {
			isa = PBXResourcesBuildPhase;
			buildActionMask = 2147483647;
			files = (
				3F310BC2175A9E480093AF99 /* InfoPlist.strings in Resources */,
				3F310BCA175A9E480093AF99 /* Default.png in Resources */,
				3F310BCC175A9E480093AF99 /* Default@2x.png in Resources */,
				3F310BCE175A9E480093AF99 /* Default-568h@2x.png in Resources */,
				3F310BD1175A9E480093AF99 /* iPad.storyboard in Resources */,
				3F310BD6175A9E480093AF99 /* first.png in Resources */,
				3F310BD8175A9E480093AF99 /* first@2x.png in Resources */,
				3F310BDD175A9E480093AF99 /* second.png in Resources */,
				3F310BDF175A9E480093AF99 /* second@2x.png in Resources */,
				3F310BE7175A9FEA0093AF99 /* iPhone.storyboard in Resources */,
			);
			runOnlyForDeploymentPostprocessing = 0;
		};
/* End PBXResourcesBuildPhase section */

/* Begin PBXSourcesBuildPhase section */
		3F310BB0175A9E480093AF99 /* Sources */ = {
			isa = PBXSourcesBuildPhase;
			buildActionMask = 2147483647;
			files = (
				3F310BC4175A9E480093AF99 /* main.m in Sources */,
				3F310BC8175A9E480093AF99 /* CipherAppDelegate.m in Sources */,
				3FA2FCBF18AE67D600209EDC /* CipherDebugLayer.m in Sources */,
				3F310BD4175A9E480093AF99 /* CipherViewController.m in Sources */,
				3F310BDB175A9E480093AF99 /* CipherDebugViewController.m in Sources */,
				3F310BEE175AB75B0093AF99 /* CipherLayer.m in Sources */,
				3F310BF2175E47E30093AF99 /* UIBezierPath+PathMorphing.m in Sources */,
			);
			runOnlyForDeploymentPostprocessing = 0;
		};
/* End PBXSourcesBuildPhase section */

/* Begin PBXVariantGroup section */
		3F310BC0175A9E480093AF99 /* InfoPlist.strings */ = {
			isa = PBXVariantGroup;
			children = (
				3F310BC1175A9E480093AF99 /* en */,
			);
			name = InfoPlist.strings;
			sourceTree = "<group>";
		};
		3F310BCF175A9E480093AF99 /* iPad.storyboard */ = {
			isa = PBXVariantGroup;
			children = (
				3F310BD0175A9E480093AF99 /* en */,
			);
			name = iPad.storyboard;
			sourceTree = "<group>";
		};
/* End PBXVariantGroup section */

/* Begin XCBuildConfiguration section */
		3F310BE0175A9E480093AF99 /* Debug */ = {
			isa = XCBuildConfiguration;
			buildSettings = {
				ALWAYS_SEARCH_USER_PATHS = NO;
				CLANG_CXX_LANGUAGE_STANDARD = "gnu++0x";
				CLANG_CXX_LIBRARY = "libc++";
				CLANG_ENABLE_MODULES = YES;
				CLANG_ENABLE_OBJC_ARC = YES;
				CLANG_WARN_CONSTANT_CONVERSION = YES;
				CLANG_WARN_EMPTY_BODY = YES;
				CLANG_WARN_ENUM_CONVERSION = YES;
				CLANG_WARN_INT_CONVERSION = YES;
				CLANG_WARN__DUPLICATE_METHOD_MATCH = YES;
				"CODE_SIGN_IDENTITY[sdk=iphoneos*]" = "iPhone Developer";
				COPY_PHASE_STRIP = NO;
				GCC_C_LANGUAGE_STANDARD = gnu99;
				GCC_DYNAMIC_NO_PIC = NO;
				GCC_OPTIMIZATION_LEVEL = 0;
				GCC_PREPROCESSOR_DEFINITIONS = (
					"DEBUG=1",
					"$(inherited)",
				);
				GCC_SYMBOLS_PRIVATE_EXTERN = NO;
				GCC_WARN_ABOUT_RETURN_TYPE = YES;
				GCC_WARN_UNINITIALIZED_AUTOS = YES;
				GCC_WARN_UNUSED_VARIABLE = YES;
				ONLY_ACTIVE_ARCH = YES;
				SDKROOT = iphoneos;
			};
			name = Debug;
		};
		3F310BE1175A9E480093AF99 /* Release */ = {
			isa = XCBuildConfiguration;
			buildSettings = {
				ALWAYS_SEARCH_USER_PATHS = NO;
				CLANG_CXX_LANGUAGE_STANDARD = "gnu++0x";
				CLANG_CXX_LIBRARY = "libc++";
				CLANG_ENABLE_MODULES = YES;
				CLANG_ENABLE_OBJC_ARC = YES;
				CLANG_WARN_CONSTANT_CONVERSION = YES;
				CLANG_WARN_EMPTY_BODY = YES;
				CLANG_WARN_ENUM_CONVERSION = YES;
				CLANG_WARN_INT_CONVERSION = YES;
				CLANG_WARN__DUPLICATE_METHOD_MATCH = YES;
				"CODE_SIGN_IDENTITY[sdk=iphoneos*]" = "iPhone Developer";
				COPY_PHASE_STRIP = YES;
				GCC_C_LANGUAGE_STANDARD = gnu99;
				GCC_WARN_ABOUT_RETURN_TYPE = YES;
				GCC_WARN_UNINITIALIZED_AUTOS = YES;
				GCC_WARN_UNUSED_VARIABLE = YES;
				OTHER_CFLAGS = "-DNS_BLOCK_ASSERTIONS=1";
				SDKROOT = iphoneos;
				VALIDATE_PRODUCT = YES;
			};
			name = Release;
		};
		3F310BE3175A9E480093AF99 /* Debug */ = {
			isa = XCBuildConfiguration;
			buildSettings = {
				GCC_PRECOMPILE_PREFIX_HEADER = YES;
				GCC_PREFIX_HEADER = "Cipher/Cipher-Prefix.pch";
				INFOPLIST_FILE = "Cipher/Cipher-Info.plist";
				PRODUCT_NAME = "$(TARGET_NAME)";
				TARGETED_DEVICE_FAMILY = "1,2";
				WRAPPER_EXTENSION = app;
			};
			name = Debug;
		};
		3F310BE4175A9E480093AF99 /* Release */ = {
			isa = XCBuildConfiguration;
			buildSettings = {
				GCC_PRECOMPILE_PREFIX_HEADER = YES;
				GCC_PREFIX_HEADER = "Cipher/Cipher-Prefix.pch";
				INFOPLIST_FILE = "Cipher/Cipher-Info.plist";
				PRODUCT_NAME = "$(TARGET_NAME)";
				TARGETED_DEVICE_FAMILY = "1,2";
				WRAPPER_EXTENSION = app;
			};
			name = Release;
		};
/* End XCBuildConfiguration section */

/* Begin XCConfigurationList section */
		3F310BAF175A9E480093AF99 /* Build configuration list for PBXProject "Cipher" */ = {
			isa = XCConfigurationList;
			buildConfigurations = (
				3F310BE0175A9E480093AF99 /* Debug */,
				3F310BE1175A9E480093AF99 /* Release */,
			);
			defaultConfigurationIsVisible = 0;
			defaultConfigurationName = Release;
		};
		3F310BE2175A9E480093AF99 /* Build configuration list for PBXNativeTarget "Cipher" */ = {
			isa = XCConfigurationList;
			buildConfigurations = (
				3F310BE3175A9E480093AF99 /* Debug */,
				3F310BE4175A9E480093AF99 /* Release */,
			);
			defaultConfigurationIsVisible = 0;
			defaultConfigurationName = Release;
		};
/* End XCConfigurationList section */
	};
	rootObject = 3F310BAC175A9E480093AF99 /* Project object */;
}
