// !$*UTF8*$!
{
	archiveVersion = 1;
	classes = {
	};
	objectVersion = 46;
	objects = {

/* Begin PBXBuildFile section */
		3F310BB8175A9E480093AF99 /* UIKit.framework in Frameworks */ = {isa = PBXBuildFile; fileRef = 3F310BB7175A9E480093AF99 /* UIKit.framework */; };
		3F310BBA175A9E480093AF99 /* Foundation.framework in Frameworks */ = {isa = PBXBuildFile; fileRef = 3F310BB9175A9E480093AF99 /* Foundation.framework */; };
		3F310BBC175A9E480093AF99 /* CoreGraphics.framework in Frameworks */ = {isa = PBXBuildFile; fileRef = 3F310BBB175A9E480093AF99 /* CoreGraphics.framework */; };
		3F310BC2175A9E480093AF99 /* InfoPlist.strings in Resources */ = {isa = PBXBuildFile; fileRef = 3F310BC0175A9E480093AF99 /* InfoPlist.strings */; };
		3F310BC4175A9E480093AF99 /* main.m in Sources */ = {isa = PBXBuildFile; fileRef = 3F310BC3175A9E480093AF99 /* main.m */; };
		3F310BC8175A9E480093AF99 /* CipherAppDelegate.m in Sources */ = {isa = PBXBuildFile; fileRef = 3F310BC7175A9E480093AF99 /* CipherAppDelegate.m */; };
		3F310BCA175A9E480093AF99 /* Default.png in Resources */ = {isa = PBXBuildFile; fileRef = 3F310BC9175A9E480093AF99 /* Default.png */; };
		3F310BCC175A9E480093AF99 /* Default@2x.png in Resources */ = {isa = PBXBuildFile; fileRef = 3F310BCB175A9E480093AF99 /* Default@2x.png */; };
		3F310BCE175A9E480093AF99 /* Default-568h@2x.png in Resources */ = {isa = PBXBuildFile; fileRef = 3F310BCD175A9E480093AF99 /* Default-568h@2x.png */; };
		3F310BD1175A9E480093AF99 /* iPad.storyboard in Resources */ = {isa = PBXBuildFile; fileRef = 3F310BCF175A9E480093AF99 /* iPad.storyboard */; };
		3F310BD4175A9E480093AF99 /* CipherViewController.m in Sources */ = {isa = PBXBuildFile; fileRef = 3F310BD3175A9E480093AF99 /* CipherViewController.m */; };
		3F310BD6175A9E480093AF99 /* first.png in Resources */ = {isa = PBXBuildFile; fileRef = 3F310BD5175A9E480093AF99 /* first.png */; };
		3F310BD8175A9E480093AF99 /* first@2x.png in Resources */ = {isa = PBXBuildFile; fileRef = 3F310BD7175A9E480093AF99 /* first@2x.png */; };
		3F310BDB175A9E480093AF99 /* CipherDebugViewController.m in Sources */ = {isa = PBXBuildFile; fileRef = 3F310BDA175A9E480093AF99 /* CipherDebugViewController.m */; };
		3F310BDD175A9E480093AF99 /* second.png in Resources */ = {isa = PBXBuildFile; fileRef = 3F310BDC175A9E480093AF99 /* second.png */; };
		3F310BDF175A9E480093AF99 /* second@2x.png in Resources */ = {isa = PBXBuildFile; fileRef = 3F310BDE175A9E480093AF99 /* second@2x.png */; };
		3F310BE7175A9FEA0093AF99 /* iPhone.storyboard in Resources */ = {isa = PBXBuildFile; fileRef = 3F310BE6175A9FEA0093AF99 /* iPhone.storyboard */; };
		3F310BEE175AB75B0093AF99 /* CipherLayer.m in Sources */ = {isa = PBXBuildFile; fileRef = 3F310BED175AB75B0093AF99 /* CipherLayer.m */; };
		3F310BF2175E47E30093AF99 /* UIBezierPath+PathMorphing.m in Sources */ = {isa = PBXBuildFile; fileRef = 3F310BF1175E47E30093AF99 /* UIBezierPath+PathMorphing.m */; };
		3F41C66818BE473B0019CB08 /* CipherLayerQuartz.m in Sources */ = {isa = PBXBuildFile; fileRef = 3F41C66718BE473B0019CB08 /* CipherLayerQuartz.m */; };
		3FA2FCBF18AE67D600209EDC /* CipherDebugLayer.m in Sources */ = {isa = PBXBuildFile; fileRef = 3FA2FCBE18AE67D600209EDC /* CipherDebugLayer.m */; };
		3FD8E41118F99FBD00B65DBD /* CipherStroke.m in Sources */ = {isa = PBXBuildFile; fileRef = 3FD8E41018F99FBD00B65DBD /* CipherStroke.m */; };
		3FD8E41518FA039F00B65DBD /* UIColor+ColorModifications.m in Sources */ = {isa = PBXBuildFile; fileRef = 3FD8E41418FA039F00B65DBD /* UIColor+ColorModifications.m */; };
		3FD8E49F18FB4C7100B65DBD /* libSVGKit-iOS.1.2.0pre.a in Frameworks */ = {isa = PBXBuildFile; fileRef = 3FD8E41E18FB4C7000B65DBD /* libSVGKit-iOS.1.2.0pre.a */; };
		3FD8E4A118FB4E2000B65DBD /* portrait.svg in Resources */ = {isa = PBXBuildFile; fileRef = 3FD8E4A018FB4E2000B65DBD /* portrait.svg */; };
		3FD8E4A318FB4ED200B65DBD /* libxml2.dylib in Frameworks */ = {isa = PBXBuildFile; fileRef = 3FD8E4A218FB4ED200B65DBD /* libxml2.dylib */; };
		3FDC3EF218FC0C43006A4EFC /* Icon-76.png in Resources */ = {isa = PBXBuildFile; fileRef = 3FDC3EE818FC0C43006A4EFC /* Icon-76.png */; };
		3FDC3EF318FC0C43006A4EFC /* Icon-76@2x.png in Resources */ = {isa = PBXBuildFile; fileRef = 3FDC3EE918FC0C43006A4EFC /* Icon-76@2x.png */; };
		3FDC3EF418FC0C43006A4EFC /* Icon-Small-50.png in Resources */ = {isa = PBXBuildFile; fileRef = 3FDC3EEA18FC0C43006A4EFC /* Icon-Small-50.png */; };
		3FDC3EF518FC0C43006A4EFC /* Icon-Small-50@2x.png in Resources */ = {isa = PBXBuildFile; fileRef = 3FDC3EEB18FC0C43006A4EFC /* Icon-Small-50@2x.png */; };
		3FDC3EF618FC0C43006A4EFC /* Icon-Small.png in Resources */ = {isa = PBXBuildFile; fileRef = 3FDC3EEC18FC0C43006A4EFC /* Icon-Small.png */; };
		3FDC3EF718FC0C43006A4EFC /* Icon-Small@2x.png in Resources */ = {isa = PBXBuildFile; fileRef = 3FDC3EED18FC0C43006A4EFC /* Icon-Small@2x.png */; };
		3FDC3EF818FC0C43006A4EFC /* Icon.png in Resources */ = {isa = PBXBuildFile; fileRef = 3FDC3EEE18FC0C43006A4EFC /* Icon.png */; };
		3FDC3EF918FC0C43006A4EFC /* Icon@2x.png in Resources */ = {isa = PBXBuildFile; fileRef = 3FDC3EEF18FC0C43006A4EFC /* Icon@2x.png */; };
		3FDC3EFA18FC0C43006A4EFC /* iTunesArtwork.png in Resources */ = {isa = PBXBuildFile; fileRef = 3FDC3EF018FC0C43006A4EFC /* iTunesArtwork.png */; };
		3FDC3EFB18FC0C43006A4EFC /* iTunesArtwork@2x.png in Resources */ = {isa = PBXBuildFile; fileRef = 3FDC3EF118FC0C43006A4EFC /* iTunesArtwork@2x.png */; };
/* End PBXBuildFile section */

/* Begin PBXFileReference section */
		3F310BB4175A9E480093AF99 /* Cipher.app */ = {isa = PBXFileReference; explicitFileType = wrapper.application; includeInIndex = 0; path = Cipher.app; sourceTree = BUILT_PRODUCTS_DIR; };
		3F310BB7175A9E480093AF99 /* UIKit.framework */ = {isa = PBXFileReference; lastKnownFileType = wrapper.framework; name = UIKit.framework; path = System/Library/Frameworks/UIKit.framework; sourceTree = SDKROOT; };
		3F310BB9175A9E480093AF99 /* Foundation.framework */ = {isa = PBXFileReference; lastKnownFileType = wrapper.framework; name = Foundation.framework; path = System/Library/Frameworks/Foundation.framework; sourceTree = SDKROOT; };
		3F310BBB175A9E480093AF99 /* CoreGraphics.framework */ = {isa = PBXFileReference; lastKnownFileType = wrapper.framework; name = CoreGraphics.framework; path = System/Library/Frameworks/CoreGraphics.framework; sourceTree = SDKROOT; };
		3F310BBF175A9E480093AF99 /* Cipher-Info.plist */ = {isa = PBXFileReference; lastKnownFileType = text.plist.xml; path = "Cipher-Info.plist"; sourceTree = "<group>"; };
		3F310BC1175A9E480093AF99 /* en */ = {isa = PBXFileReference; lastKnownFileType = text.plist.strings; name = en; path = en.lproj/InfoPlist.strings; sourceTree = "<group>"; };
		3F310BC3175A9E480093AF99 /* main.m */ = {isa = PBXFileReference; lastKnownFileType = sourcecode.c.objc; path = main.m; sourceTree = "<group>"; };
		3F310BC5175A9E480093AF99 /* Cipher-Prefix.pch */ = {isa = PBXFileReference; lastKnownFileType = sourcecode.c.h; path = "Cipher-Prefix.pch"; sourceTree = "<group>"; };
		3F310BC6175A9E480093AF99 /* CipherAppDelegate.h */ = {isa = PBXFileReference; lastKnownFileType = sourcecode.c.h; path = CipherAppDelegate.h; sourceTree = "<group>"; };
		3F310BC7175A9E480093AF99 /* CipherAppDelegate.m */ = {isa = PBXFileReference; lastKnownFileType = sourcecode.c.objc; path = CipherAppDelegate.m; sourceTree = "<group>"; };
		3F310BC9175A9E480093AF99 /* Default.png */ = {isa = PBXFileReference; lastKnownFileType = image.png; path = Default.png; sourceTree = "<group>"; };
		3F310BCB175A9E480093AF99 /* Default@2x.png */ = {isa = PBXFileReference; lastKnownFileType = image.png; path = "Default@2x.png"; sourceTree = "<group>"; };
		3F310BCD175A9E480093AF99 /* Default-568h@2x.png */ = {isa = PBXFileReference; lastKnownFileType = image.png; path = "Default-568h@2x.png"; sourceTree = "<group>"; };
		3F310BD0175A9E480093AF99 /* en */ = {isa = PBXFileReference; lastKnownFileType = file.storyboard; name = en; path = en.lproj/iPad.storyboard; sourceTree = "<group>"; };
		3F310BD2175A9E480093AF99 /* CipherViewController.h */ = {isa = PBXFileReference; lastKnownFileType = sourcecode.c.h; path = CipherViewController.h; sourceTree = "<group>"; };
		3F310BD3175A9E480093AF99 /* CipherViewController.m */ = {isa = PBXFileReference; lastKnownFileType = sourcecode.c.objc; path = CipherViewController.m; sourceTree = "<group>"; };
		3F310BD5175A9E480093AF99 /* first.png */ = {isa = PBXFileReference; lastKnownFileType = image.png; path = first.png; sourceTree = "<group>"; };
		3F310BD7175A9E480093AF99 /* first@2x.png */ = {isa = PBXFileReference; lastKnownFileType = image.png; path = "first@2x.png"; sourceTree = "<group>"; };
		3F310BD9175A9E480093AF99 /* CipherDebugViewController.h */ = {isa = PBXFileReference; lastKnownFileType = sourcecode.c.h; path = CipherDebugViewController.h; sourceTree = "<group>"; };
		3F310BDA175A9E480093AF99 /* CipherDebugViewController.m */ = {isa = PBXFileReference; lastKnownFileType = sourcecode.c.objc; path = CipherDebugViewController.m; sourceTree = "<group>"; };
		3F310BDC175A9E480093AF99 /* second.png */ = {isa = PBXFileReference; lastKnownFileType = image.png; path = second.png; sourceTree = "<group>"; };
		3F310BDE175A9E480093AF99 /* second@2x.png */ = {isa = PBXFileReference; lastKnownFileType = image.png; path = "second@2x.png"; sourceTree = "<group>"; };
		3F310BE6175A9FEA0093AF99 /* iPhone.storyboard */ = {isa = PBXFileReference; fileEncoding = 4; lastKnownFileType = file.storyboard; name = iPhone.storyboard; path = en.lproj/iPhone.storyboard; sourceTree = "<group>"; };
		3F310BEC175AB75B0093AF99 /* CipherLayer.h */ = {isa = PBXFileReference; fileEncoding = 4; lastKnownFileType = sourcecode.c.h; path = CipherLayer.h; sourceTree = "<group>"; };
		3F310BED175AB75B0093AF99 /* CipherLayer.m */ = {isa = PBXFileReference; fileEncoding = 4; lastKnownFileType = sourcecode.c.objc; path = CipherLayer.m; sourceTree = "<group>"; };
		3F310BF0175E47E30093AF99 /* UIBezierPath+PathMorphing.h */ = {isa = PBXFileReference; fileEncoding = 4; lastKnownFileType = sourcecode.c.h; path = "UIBezierPath+PathMorphing.h"; sourceTree = "<group>"; };
		3F310BF1175E47E30093AF99 /* UIBezierPath+PathMorphing.m */ = {isa = PBXFileReference; fileEncoding = 4; lastKnownFileType = sourcecode.c.objc; path = "UIBezierPath+PathMorphing.m"; sourceTree = "<group>"; };
		3F41C66618BE473B0019CB08 /* CipherLayerQuartz.h */ = {isa = PBXFileReference; fileEncoding = 4; lastKnownFileType = sourcecode.c.h; path = CipherLayerQuartz.h; sourceTree = "<group>"; };
		3F41C66718BE473B0019CB08 /* CipherLayerQuartz.m */ = {isa = PBXFileReference; fileEncoding = 4; lastKnownFileType = sourcecode.c.objc; path = CipherLayerQuartz.m; sourceTree = "<group>"; };
		3FA2FCBD18AE67D600209EDC /* CipherDebugLayer.h */ = {isa = PBXFileReference; fileEncoding = 4; lastKnownFileType = sourcecode.c.h; path = CipherDebugLayer.h; sourceTree = "<group>"; };
		3FA2FCBE18AE67D600209EDC /* CipherDebugLayer.m */ = {isa = PBXFileReference; fileEncoding = 4; lastKnownFileType = sourcecode.c.objc; path = CipherDebugLayer.m; sourceTree = "<group>"; };
		3FD8E40F18F99FBD00B65DBD /* CipherStroke.h */ = {isa = PBXFileReference; fileEncoding = 4; lastKnownFileType = sourcecode.c.h; path = CipherStroke.h; sourceTree = "<group>"; };
		3FD8E41018F99FBD00B65DBD /* CipherStroke.m */ = {isa = PBXFileReference; fileEncoding = 4; lastKnownFileType = sourcecode.c.objc; path = CipherStroke.m; sourceTree = "<group>"; };
		3FD8E41318FA039F00B65DBD /* UIColor+ColorModifications.h */ = {isa = PBXFileReference; fileEncoding = 4; lastKnownFileType = sourcecode.c.h; path = "UIColor+ColorModifications.h"; sourceTree = "<group>"; };
		3FD8E41418FA039F00B65DBD /* UIColor+ColorModifications.m */ = {isa = PBXFileReference; fileEncoding = 4; lastKnownFileType = sourcecode.c.objc; path = "UIColor+ColorModifications.m"; sourceTree = "<group>"; };
		3FD8E41E18FB4C7000B65DBD /* libSVGKit-iOS.1.2.0pre.a */ = {isa = PBXFileReference; lastKnownFileType = archive.ar; path = "libSVGKit-iOS.1.2.0pre.a"; sourceTree = "<group>"; };
		3FD8E42218FB4C7000B65DBD /* AppleSucksDOMImplementation.h */ = {isa = PBXFileReference; fileEncoding = 4; lastKnownFileType = sourcecode.c.h; path = AppleSucksDOMImplementation.h; sourceTree = "<group>"; };
		3FD8E42318FB4C7000B65DBD /* Attr.h */ = {isa = PBXFileReference; fileEncoding = 4; lastKnownFileType = sourcecode.c.h; path = Attr.h; sourceTree = "<group>"; };
		3FD8E42418FB4C7000B65DBD /* BaseClassForAllSVGBasicShapes.h */ = {isa = PBXFileReference; fileEncoding = 4; lastKnownFileType = sourcecode.c.h; path = BaseClassForAllSVGBasicShapes.h; sourceTree = "<group>"; };
		3FD8E42518FB4C7000B65DBD /* BaseClassForAllSVGBasicShapes_ForSubclasses.h */ = {isa = PBXFileReference; fileEncoding = 4; lastKnownFileType = sourcecode.c.h; path = BaseClassForAllSVGBasicShapes_ForSubclasses.h; sourceTree = "<group>"; };
		3FD8E42618FB4C7000B65DBD /* CALayer+RecursiveClone.h */ = {isa = PBXFileReference; fileEncoding = 4; lastKnownFileType = sourcecode.c.h; path = "CALayer+RecursiveClone.h"; sourceTree = "<group>"; };
		3FD8E42718FB4C7000B65DBD /* CALayerExporter.h */ = {isa = PBXFileReference; fileEncoding = 4; lastKnownFileType = sourcecode.c.h; path = CALayerExporter.h; sourceTree = "<group>"; };
		3FD8E42818FB4C7000B65DBD /* CALayerWithChildHitTest.h */ = {isa = PBXFileReference; fileEncoding = 4; lastKnownFileType = sourcecode.c.h; path = CALayerWithChildHitTest.h; sourceTree = "<group>"; };
		3FD8E42918FB4C7000B65DBD /* CAShapeLayerWithHitTest.h */ = {isa = PBXFileReference; fileEncoding = 4; lastKnownFileType = sourcecode.c.h; path = CAShapeLayerWithHitTest.h; sourceTree = "<group>"; };
		3FD8E42A18FB4C7000B65DBD /* CDATASection.h */ = {isa = PBXFileReference; fileEncoding = 4; lastKnownFileType = sourcecode.c.h; path = CDATASection.h; sourceTree = "<group>"; };
		3FD8E42B18FB4C7000B65DBD /* CGPathAdditions.h */ = {isa = PBXFileReference; fileEncoding = 4; lastKnownFileType = sourcecode.c.h; path = CGPathAdditions.h; sourceTree = "<group>"; };
		3FD8E42C18FB4C7000B65DBD /* CharacterData.h */ = {isa = PBXFileReference; fileEncoding = 4; lastKnownFileType = sourcecode.c.h; path = CharacterData.h; sourceTree = "<group>"; };
		3FD8E42D18FB4C7000B65DBD /* Comment.h */ = {isa = PBXFileReference; fileEncoding = 4; lastKnownFileType = sourcecode.c.h; path = Comment.h; sourceTree = "<group>"; };
		3FD8E42E18FB4C7000B65DBD /* ContextFilterLogFormatter.h */ = {isa = PBXFileReference; fileEncoding = 4; lastKnownFileType = sourcecode.c.h; path = ContextFilterLogFormatter.h; sourceTree = "<group>"; };
		3FD8E42F18FB4C7000B65DBD /* ConverterSVGToCALayer.h */ = {isa = PBXFileReference; fileEncoding = 4; lastKnownFileType = sourcecode.c.h; path = ConverterSVGToCALayer.h; sourceTree = "<group>"; };
		3FD8E43018FB4C7000B65DBD /* CSSPrimitiveValue.h */ = {isa = PBXFileReference; fileEncoding = 4; lastKnownFileType = sourcecode.c.h; path = CSSPrimitiveValue.h; sourceTree = "<group>"; };
		3FD8E43118FB4C7000B65DBD /* CSSRule.h */ = {isa = PBXFileReference; fileEncoding = 4; lastKnownFileType = sourcecode.c.h; path = CSSRule.h; sourceTree = "<group>"; };
		3FD8E43218FB4C7000B65DBD /* CSSRuleList+Mutable.h */ = {isa = PBXFileReference; fileEncoding = 4; lastKnownFileType = sourcecode.c.h; path = "CSSRuleList+Mutable.h"; sourceTree = "<group>"; };
		3FD8E43318FB4C7000B65DBD /* CSSRuleList.h */ = {isa = PBXFileReference; fileEncoding = 4; lastKnownFileType = sourcecode.c.h; path = CSSRuleList.h; sourceTree = "<group>"; };
		3FD8E43418FB4C7000B65DBD /* CSSStyleDeclaration.h */ = {isa = PBXFileReference; fileEncoding = 4; lastKnownFileType = sourcecode.c.h; path = CSSStyleDeclaration.h; sourceTree = "<group>"; };
		3FD8E43518FB4C7000B65DBD /* CSSStyleRule.h */ = {isa = PBXFileReference; fileEncoding = 4; lastKnownFileType = sourcecode.c.h; path = CSSStyleRule.h; sourceTree = "<group>"; };
		3FD8E43618FB4C7000B65DBD /* CSSStyleSheet.h */ = {isa = PBXFileReference; fileEncoding = 4; lastKnownFileType = sourcecode.c.h; path = CSSStyleSheet.h; sourceTree = "<group>"; };
		3FD8E43718FB4C7000B65DBD /* CSSValue.h */ = {isa = PBXFileReference; fileEncoding = 4; lastKnownFileType = sourcecode.c.h; path = CSSValue.h; sourceTree = "<group>"; };
		3FD8E43818FB4C7000B65DBD /* CSSValue_ForSubclasses.h */ = {isa = PBXFileReference; fileEncoding = 4; lastKnownFileType = sourcecode.c.h; path = CSSValue_ForSubclasses.h; sourceTree = "<group>"; };
		3FD8E43918FB4C7000B65DBD /* CSSValueList.h */ = {isa = PBXFileReference; fileEncoding = 4; lastKnownFileType = sourcecode.c.h; path = CSSValueList.h; sourceTree = "<group>"; };
		3FD8E43A18FB4C7000B65DBD /* DDAbstractDatabaseLogger.h */ = {isa = PBXFileReference; fileEncoding = 4; lastKnownFileType = sourcecode.c.h; path = DDAbstractDatabaseLogger.h; sourceTree = "<group>"; };
		3FD8E43B18FB4C7000B65DBD /* DDASLLogger.h */ = {isa = PBXFileReference; fileEncoding = 4; lastKnownFileType = sourcecode.c.h; path = DDASLLogger.h; sourceTree = "<group>"; };
		3FD8E43C18FB4C7000B65DBD /* DDFileLogger.h */ = {isa = PBXFileReference; fileEncoding = 4; lastKnownFileType = sourcecode.c.h; path = DDFileLogger.h; sourceTree = "<group>"; };
		3FD8E43D18FB4C7000B65DBD /* DDLog.h */ = {isa = PBXFileReference; fileEncoding = 4; lastKnownFileType = sourcecode.c.h; path = DDLog.h; sourceTree = "<group>"; };
		3FD8E43E18FB4C7000B65DBD /* DDTTYLogger.h */ = {isa = PBXFileReference; fileEncoding = 4; lastKnownFileType = sourcecode.c.h; path = DDTTYLogger.h; sourceTree = "<group>"; };
		3FD8E43F18FB4C7000B65DBD /* DispatchQueueLogFormatter.h */ = {isa = PBXFileReference; fileEncoding = 4; lastKnownFileType = sourcecode.c.h; path = DispatchQueueLogFormatter.h; sourceTree = "<group>"; };
		3FD8E44018FB4C7000B65DBD /* Document+Mutable.h */ = {isa = PBXFileReference; fileEncoding = 4; lastKnownFileType = sourcecode.c.h; path = "Document+Mutable.h"; sourceTree = "<group>"; };
		3FD8E44118FB4C7000B65DBD /* Document.h */ = {isa = PBXFileReference; fileEncoding = 4; lastKnownFileType = sourcecode.c.h; path = Document.h; sourceTree = "<group>"; };
		3FD8E44218FB4C7000B65DBD /* DocumentCSS.h */ = {isa = PBXFileReference; fileEncoding = 4; lastKnownFileType = sourcecode.c.h; path = DocumentCSS.h; sourceTree = "<group>"; };
		3FD8E44318FB4C7000B65DBD /* DocumentFragment.h */ = {isa = PBXFileReference; fileEncoding = 4; lastKnownFileType = sourcecode.c.h; path = DocumentFragment.h; sourceTree = "<group>"; };
		3FD8E44418FB4C7000B65DBD /* DocumentStyle.h */ = {isa = PBXFileReference; fileEncoding = 4; lastKnownFileType = sourcecode.c.h; path = DocumentStyle.h; sourceTree = "<group>"; };
		3FD8E44518FB4C7000B65DBD /* DocumentType.h */ = {isa = PBXFileReference; fileEncoding = 4; lastKnownFileType = sourcecode.c.h; path = DocumentType.h; sourceTree = "<group>"; };
		3FD8E44618FB4C7000B65DBD /* DOMGlobalSettings.h */ = {isa = PBXFileReference; fileEncoding = 4; lastKnownFileType = sourcecode.c.h; path = DOMGlobalSettings.h; sourceTree = "<group>"; };
		3FD8E44718FB4C7000B65DBD /* DOMHelperUtilities.h */ = {isa = PBXFileReference; fileEncoding = 4; lastKnownFileType = sourcecode.c.h; path = DOMHelperUtilities.h; sourceTree = "<group>"; };
		3FD8E44818FB4C7000B65DBD /* Element.h */ = {isa = PBXFileReference; fileEncoding = 4; lastKnownFileType = sourcecode.c.h; path = Element.h; sourceTree = "<group>"; };
		3FD8E44918FB4C7000B65DBD /* EntityReference.h */ = {isa = PBXFileReference; fileEncoding = 4; lastKnownFileType = sourcecode.c.h; path = EntityReference.h; sourceTree = "<group>"; };
		3FD8E44A18FB4C7000B65DBD /* MediaList.h */ = {isa = PBXFileReference; fileEncoding = 4; lastKnownFileType = sourcecode.c.h; path = MediaList.h; sourceTree = "<group>"; };
		3FD8E44B18FB4C7000B65DBD /* NamedNodeMap.h */ = {isa = PBXFileReference; fileEncoding = 4; lastKnownFileType = sourcecode.c.h; path = NamedNodeMap.h; sourceTree = "<group>"; };
		3FD8E44C18FB4C7000B65DBD /* NamedNodeMap_Iterable.h */ = {isa = PBXFileReference; fileEncoding = 4; lastKnownFileType = sourcecode.c.h; path = NamedNodeMap_Iterable.h; sourceTree = "<group>"; };
		3FD8E44D18FB4C7000B65DBD /* Node+Mutable.h */ = {isa = PBXFileReference; fileEncoding = 4; lastKnownFileType = sourcecode.c.h; path = "Node+Mutable.h"; sourceTree = "<group>"; };
		3FD8E44E18FB4C7000B65DBD /* Node.h */ = {isa = PBXFileReference; fileEncoding = 4; lastKnownFileType = sourcecode.c.h; path = Node.h; sourceTree = "<group>"; };
		3FD8E44F18FB4C7000B65DBD /* NodeList+Mutable.h */ = {isa = PBXFileReference; fileEncoding = 4; lastKnownFileType = sourcecode.c.h; path = "NodeList+Mutable.h"; sourceTree = "<group>"; };
		3FD8E45018FB4C7000B65DBD /* NodeList.h */ = {isa = PBXFileReference; fileEncoding = 4; lastKnownFileType = sourcecode.c.h; path = NodeList.h; sourceTree = "<group>"; };
		3FD8E45118FB4C7000B65DBD /* NSCharacterSet+SVGKExtensions.h */ = {isa = PBXFileReference; fileEncoding = 4; lastKnownFileType = sourcecode.c.h; path = "NSCharacterSet+SVGKExtensions.h"; sourceTree = "<group>"; };
		3FD8E45218FB4C7000B65DBD /* ProcessingInstruction.h */ = {isa = PBXFileReference; fileEncoding = 4; lastKnownFileType = sourcecode.c.h; path = ProcessingInstruction.h; sourceTree = "<group>"; };
		3FD8E45318FB4C7000B65DBD /* StyleSheet.h */ = {isa = PBXFileReference; fileEncoding = 4; lastKnownFileType = sourcecode.c.h; path = StyleSheet.h; sourceTree = "<group>"; };
		3FD8E45418FB4C7100B65DBD /* StyleSheetList.h */ = {isa = PBXFileReference; fileEncoding = 4; lastKnownFileType = sourcecode.c.h; path = StyleSheetList.h; sourceTree = "<group>"; };
		3FD8E45518FB4C7100B65DBD /* SVGAngle.h */ = {isa = PBXFileReference; fileEncoding = 4; lastKnownFileType = sourcecode.c.h; path = SVGAngle.h; sourceTree = "<group>"; };
		3FD8E45618FB4C7100B65DBD /* SVGAnimatedPreserveAspectRatio.h */ = {isa = PBXFileReference; fileEncoding = 4; lastKnownFileType = sourcecode.c.h; path = SVGAnimatedPreserveAspectRatio.h; sourceTree = "<group>"; };
		3FD8E45718FB4C7100B65DBD /* SVGCircleElement.h */ = {isa = PBXFileReference; fileEncoding = 4; lastKnownFileType = sourcecode.c.h; path = SVGCircleElement.h; sourceTree = "<group>"; };
		3FD8E45818FB4C7100B65DBD /* SVGDefsElement.h */ = {isa = PBXFileReference; fileEncoding = 4; lastKnownFileType = sourcecode.c.h; path = SVGDefsElement.h; sourceTree = "<group>"; };
		3FD8E45918FB4C7100B65DBD /* SVGDescriptionElement.h */ = {isa = PBXFileReference; fileEncoding = 4; lastKnownFileType = sourcecode.c.h; path = SVGDescriptionElement.h; sourceTree = "<group>"; };
		3FD8E45A18FB4C7100B65DBD /* SVGDocument.h */ = {isa = PBXFileReference; fileEncoding = 4; lastKnownFileType = sourcecode.c.h; path = SVGDocument.h; sourceTree = "<group>"; };
		3FD8E45B18FB4C7100B65DBD /* SVGDocument_Mutable.h */ = {isa = PBXFileReference; fileEncoding = 4; lastKnownFileType = sourcecode.c.h; path = SVGDocument_Mutable.h; sourceTree = "<group>"; };
		3FD8E45C18FB4C7100B65DBD /* SVGElement.h */ = {isa = PBXFileReference; fileEncoding = 4; lastKnownFileType = sourcecode.c.h; path = SVGElement.h; sourceTree = "<group>"; };
		3FD8E45D18FB4C7100B65DBD /* SVGElement_ForParser.h */ = {isa = PBXFileReference; fileEncoding = 4; lastKnownFileType = sourcecode.c.h; path = SVGElement_ForParser.h; sourceTree = "<group>"; };
		3FD8E45E18FB4C7100B65DBD /* SVGElementInstance.h */ = {isa = PBXFileReference; fileEncoding = 4; lastKnownFileType = sourcecode.c.h; path = SVGElementInstance.h; sourceTree = "<group>"; };
		3FD8E45F18FB4C7100B65DBD /* SVGElementInstance_Mutable.h */ = {isa = PBXFileReference; fileEncoding = 4; lastKnownFileType = sourcecode.c.h; path = SVGElementInstance_Mutable.h; sourceTree = "<group>"; };
		3FD8E46018FB4C7100B65DBD /* SVGElementInstanceList.h */ = {isa = PBXFileReference; fileEncoding = 4; lastKnownFileType = sourcecode.c.h; path = SVGElementInstanceList.h; sourceTree = "<group>"; };
		3FD8E46118FB4C7100B65DBD /* SVGElementInstanceList_Internal.h */ = {isa = PBXFileReference; fileEncoding = 4; lastKnownFileType = sourcecode.c.h; path = SVGElementInstanceList_Internal.h; sourceTree = "<group>"; };
		3FD8E46218FB4C7100B65DBD /* SVGEllipseElement.h */ = {isa = PBXFileReference; fileEncoding = 4; lastKnownFileType = sourcecode.c.h; path = SVGEllipseElement.h; sourceTree = "<group>"; };
		3FD8E46318FB4C7100B65DBD /* SVGFitToViewBox.h */ = {isa = PBXFileReference; fileEncoding = 4; lastKnownFileType = sourcecode.c.h; path = SVGFitToViewBox.h; sourceTree = "<group>"; };
		3FD8E46418FB4C7100B65DBD /* SVGGElement.h */ = {isa = PBXFileReference; fileEncoding = 4; lastKnownFileType = sourcecode.c.h; path = SVGGElement.h; sourceTree = "<group>"; };
		3FD8E46518FB4C7100B65DBD /* SVGGradientElement.h */ = {isa = PBXFileReference; fileEncoding = 4; lastKnownFileType = sourcecode.c.h; path = SVGGradientElement.h; sourceTree = "<group>"; };
		3FD8E46618FB4C7100B65DBD /* SVGGradientLayer.h */ = {isa = PBXFileReference; fileEncoding = 4; lastKnownFileType = sourcecode.c.h; path = SVGGradientLayer.h; sourceTree = "<group>"; };
		3FD8E46718FB4C7100B65DBD /* SVGGradientStop.h */ = {isa = PBXFileReference; fileEncoding = 4; lastKnownFileType = sourcecode.c.h; path = SVGGradientStop.h; sourceTree = "<group>"; };
		3FD8E46818FB4C7100B65DBD /* SVGGroupElement.h */ = {isa = PBXFileReference; fileEncoding = 4; lastKnownFileType = sourcecode.c.h; path = SVGGroupElement.h; sourceTree = "<group>"; };
		3FD8E46918FB4C7100B65DBD /* SVGHelperUtilities.h */ = {isa = PBXFileReference; fileEncoding = 4; lastKnownFileType = sourcecode.c.h; path = SVGHelperUtilities.h; sourceTree = "<group>"; };
		3FD8E46A18FB4C7100B65DBD /* SVGImageElement.h */ = {isa = PBXFileReference; fileEncoding = 4; lastKnownFileType = sourcecode.c.h; path = SVGImageElement.h; sourceTree = "<group>"; };
		3FD8E46B18FB4C7100B65DBD /* SVGKExporterNSData.h */ = {isa = PBXFileReference; fileEncoding = 4; lastKnownFileType = sourcecode.c.h; path = SVGKExporterNSData.h; sourceTree = "<group>"; };
		3FD8E46C18FB4C7100B65DBD /* SVGKExporterUIImage.h */ = {isa = PBXFileReference; fileEncoding = 4; lastKnownFileType = sourcecode.c.h; path = SVGKExporterUIImage.h; sourceTree = "<group>"; };
		3FD8E46D18FB4C7100B65DBD /* SVGKFastImageView.h */ = {isa = PBXFileReference; fileEncoding = 4; lastKnownFileType = sourcecode.c.h; path = SVGKFastImageView.h; sourceTree = "<group>"; };
		3FD8E46E18FB4C7100B65DBD /* SVGKImage+CGContext.h */ = {isa = PBXFileReference; fileEncoding = 4; lastKnownFileType = sourcecode.c.h; path = "SVGKImage+CGContext.h"; sourceTree = "<group>"; };
		3FD8E46F18FB4C7100B65DBD /* SVGKImage.h */ = {isa = PBXFileReference; fileEncoding = 4; lastKnownFileType = sourcecode.c.h; path = SVGKImage.h; sourceTree = "<group>"; };
		3FD8E47018FB4C7100B65DBD /* SVGKImageView.h */ = {isa = PBXFileReference; fileEncoding = 4; lastKnownFileType = sourcecode.c.h; path = SVGKImageView.h; sourceTree = "<group>"; };
		3FD8E47118FB4C7100B65DBD /* SVGKit.h */ = {isa = PBXFileReference; fileEncoding = 4; lastKnownFileType = sourcecode.c.h; path = SVGKit.h; sourceTree = "<group>"; };
		3FD8E47218FB4C7100B65DBD /* SVGKLayer.h */ = {isa = PBXFileReference; fileEncoding = 4; lastKnownFileType = sourcecode.c.h; path = SVGKLayer.h; sourceTree = "<group>"; };
		3FD8E47318FB4C7100B65DBD /* SVGKLayeredImageView.h */ = {isa = PBXFileReference; fileEncoding = 4; lastKnownFileType = sourcecode.c.h; path = SVGKLayeredImageView.h; sourceTree = "<group>"; };
		3FD8E47418FB4C7100B65DBD /* SVGKParser.h */ = {isa = PBXFileReference; fileEncoding = 4; lastKnownFileType = sourcecode.c.h; path = SVGKParser.h; sourceTree = "<group>"; };
		3FD8E47518FB4C7100B65DBD /* SVGKParserDefsAndUse.h */ = {isa = PBXFileReference; fileEncoding = 4; lastKnownFileType = sourcecode.c.h; path = SVGKParserDefsAndUse.h; sourceTree = "<group>"; };
		3FD8E47618FB4C7100B65DBD /* SVGKParserDOM.h */ = {isa = PBXFileReference; fileEncoding = 4; lastKnownFileType = sourcecode.c.h; path = SVGKParserDOM.h; sourceTree = "<group>"; };
		3FD8E47718FB4C7100B65DBD /* SVGKParseResult.h */ = {isa = PBXFileReference; fileEncoding = 4; lastKnownFileType = sourcecode.c.h; path = SVGKParseResult.h; sourceTree = "<group>"; };
		3FD8E47818FB4C7100B65DBD /* SVGKParserExtension.h */ = {isa = PBXFileReference; fileEncoding = 4; lastKnownFileType = sourcecode.c.h; path = SVGKParserExtension.h; sourceTree = "<group>"; };
		3FD8E47918FB4C7100B65DBD /* SVGKParserGradient.h */ = {isa = PBXFileReference; fileEncoding = 4; lastKnownFileType = sourcecode.c.h; path = SVGKParserGradient.h; sourceTree = "<group>"; };
		3FD8E47A18FB4C7100B65DBD /* SVGKParserPatternsAndGradients.h */ = {isa = PBXFileReference; fileEncoding = 4; lastKnownFileType = sourcecode.c.h; path = SVGKParserPatternsAndGradients.h; sourceTree = "<group>"; };
		3FD8E47B18FB4C7100B65DBD /* SVGKParserStyles.h */ = {isa = PBXFileReference; fileEncoding = 4; lastKnownFileType = sourcecode.c.h; path = SVGKParserStyles.h; sourceTree = "<group>"; };
		3FD8E47C18FB4C7100B65DBD /* SVGKParserSVG.h */ = {isa = PBXFileReference; fileEncoding = 4; lastKnownFileType = sourcecode.c.h; path = SVGKParserSVG.h; sourceTree = "<group>"; };
		3FD8E47D18FB4C7100B65DBD /* SVGKPattern.h */ = {isa = PBXFileReference; fileEncoding = 4; lastKnownFileType = sourcecode.c.h; path = SVGKPattern.h; sourceTree = "<group>"; };
		3FD8E47E18FB4C7100B65DBD /* SVGKPointsAndPathsParser.h */ = {isa = PBXFileReference; fileEncoding = 4; lastKnownFileType = sourcecode.c.h; path = SVGKPointsAndPathsParser.h; sourceTree = "<group>"; };
		3FD8E47F18FB4C7100B65DBD /* SVGKSource.h */ = {isa = PBXFileReference; fileEncoding = 4; lastKnownFileType = sourcecode.c.h; path = SVGKSource.h; sourceTree = "<group>"; };
		3FD8E48018FB4C7100B65DBD /* SVGKSourceLocalFile.h */ = {isa = PBXFileReference; fileEncoding = 4; lastKnownFileType = sourcecode.c.h; path = SVGKSourceLocalFile.h; sourceTree = "<group>"; };
		3FD8E48118FB4C7100B65DBD /* SVGKSourceString.h */ = {isa = PBXFileReference; fileEncoding = 4; lastKnownFileType = sourcecode.c.h; path = SVGKSourceString.h; sourceTree = "<group>"; };
		3FD8E48218FB4C7100B65DBD /* SVGKSourceURL.h */ = {isa = PBXFileReference; fileEncoding = 4; lastKnownFileType = sourcecode.c.h; path = SVGKSourceURL.h; sourceTree = "<group>"; };
		3FD8E48318FB4C7100B65DBD /* SVGLength.h */ = {isa = PBXFileReference; fileEncoding = 4; lastKnownFileType = sourcecode.c.h; path = SVGLength.h; sourceTree = "<group>"; };
		3FD8E48418FB4C7100B65DBD /* SVGLineElement.h */ = {isa = PBXFileReference; fileEncoding = 4; lastKnownFileType = sourcecode.c.h; path = SVGLineElement.h; sourceTree = "<group>"; };
		3FD8E48518FB4C7100B65DBD /* SVGMatrix.h */ = {isa = PBXFileReference; fileEncoding = 4; lastKnownFileType = sourcecode.c.h; path = SVGMatrix.h; sourceTree = "<group>"; };
		3FD8E48618FB4C7100B65DBD /* SVGNumber.h */ = {isa = PBXFileReference; fileEncoding = 4; lastKnownFileType = sourcecode.c.h; path = SVGNumber.h; sourceTree = "<group>"; };
		3FD8E48718FB4C7100B65DBD /* SVGPathElement.h */ = {isa = PBXFileReference; fileEncoding = 4; lastKnownFileType = sourcecode.c.h; path = SVGPathElement.h; sourceTree = "<group>"; };
		3FD8E48818FB4C7100B65DBD /* SVGPoint.h */ = {isa = PBXFileReference; fileEncoding = 4; lastKnownFileType = sourcecode.c.h; path = SVGPoint.h; sourceTree = "<group>"; };
		3FD8E48918FB4C7100B65DBD /* SVGPolygonElement.h */ = {isa = PBXFileReference; fileEncoding = 4; lastKnownFileType = sourcecode.c.h; path = SVGPolygonElement.h; sourceTree = "<group>"; };
		3FD8E48A18FB4C7100B65DBD /* SVGPolylineElement.h */ = {isa = PBXFileReference; fileEncoding = 4; lastKnownFileType = sourcecode.c.h; path = SVGPolylineElement.h; sourceTree = "<group>"; };
		3FD8E48B18FB4C7100B65DBD /* SVGPreserveAspectRatio.h */ = {isa = PBXFileReference; fileEncoding = 4; lastKnownFileType = sourcecode.c.h; path = SVGPreserveAspectRatio.h; sourceTree = "<group>"; };
		3FD8E48C18FB4C7100B65DBD /* SVGRect.h */ = {isa = PBXFileReference; fileEncoding = 4; lastKnownFileType = sourcecode.c.h; path = SVGRect.h; sourceTree = "<group>"; };
		3FD8E48D18FB4C7100B65DBD /* SVGRectElement.h */ = {isa = PBXFileReference; fileEncoding = 4; lastKnownFileType = sourcecode.c.h; path = SVGRectElement.h; sourceTree = "<group>"; };
		3FD8E48E18FB4C7100B65DBD /* SVGStylable.h */ = {isa = PBXFileReference; fileEncoding = 4; lastKnownFileType = sourcecode.c.h; path = SVGStylable.h; sourceTree = "<group>"; };
		3FD8E48F18FB4C7100B65DBD /* SVGStyleCatcher.h */ = {isa = PBXFileReference; fileEncoding = 4; lastKnownFileType = sourcecode.c.h; path = SVGStyleCatcher.h; sourceTree = "<group>"; };
		3FD8E49018FB4C7100B65DBD /* SVGStyleElement.h */ = {isa = PBXFileReference; fileEncoding = 4; lastKnownFileType = sourcecode.c.h; path = SVGStyleElement.h; sourceTree = "<group>"; };
		3FD8E49118FB4C7100B65DBD /* SVGSVGElement.h */ = {isa = PBXFileReference; fileEncoding = 4; lastKnownFileType = sourcecode.c.h; path = SVGSVGElement.h; sourceTree = "<group>"; };
		3FD8E49218FB4C7100B65DBD /* SVGSVGElement_Mutable.h */ = {isa = PBXFileReference; fileEncoding = 4; lastKnownFileType = sourcecode.c.h; path = SVGSVGElement_Mutable.h; sourceTree = "<group>"; };
		3FD8E49318FB4C7100B65DBD /* SVGTextContentElement.h */ = {isa = PBXFileReference; fileEncoding = 4; lastKnownFileType = sourcecode.c.h; path = SVGTextContentElement.h; sourceTree = "<group>"; };
		3FD8E49418FB4C7100B65DBD /* SVGTextElement.h */ = {isa = PBXFileReference; fileEncoding = 4; lastKnownFileType = sourcecode.c.h; path = SVGTextElement.h; sourceTree = "<group>"; };
		3FD8E49518FB4C7100B65DBD /* SVGTextPositioningElement.h */ = {isa = PBXFileReference; fileEncoding = 4; lastKnownFileType = sourcecode.c.h; path = SVGTextPositioningElement.h; sourceTree = "<group>"; };
		3FD8E49618FB4C7100B65DBD /* SVGTextPositioningElement_Mutable.h */ = {isa = PBXFileReference; fileEncoding = 4; lastKnownFileType = sourcecode.c.h; path = SVGTextPositioningElement_Mutable.h; sourceTree = "<group>"; };
		3FD8E49718FB4C7100B65DBD /* SVGTitleElement.h */ = {isa = PBXFileReference; fileEncoding = 4; lastKnownFileType = sourcecode.c.h; path = SVGTitleElement.h; sourceTree = "<group>"; };
		3FD8E49818FB4C7100B65DBD /* SVGTransform.h */ = {isa = PBXFileReference; fileEncoding = 4; lastKnownFileType = sourcecode.c.h; path = SVGTransform.h; sourceTree = "<group>"; };
		3FD8E49918FB4C7100B65DBD /* SVGTransformable.h */ = {isa = PBXFileReference; fileEncoding = 4; lastKnownFileType = sourcecode.c.h; path = SVGTransformable.h; sourceTree = "<group>"; };
		3FD8E49A18FB4C7100B65DBD /* SVGUseElement.h */ = {isa = PBXFileReference; fileEncoding = 4; lastKnownFileType = sourcecode.c.h; path = SVGUseElement.h; sourceTree = "<group>"; };
		3FD8E49B18FB4C7100B65DBD /* SVGUseElement_Mutable.h */ = {isa = PBXFileReference; fileEncoding = 4; lastKnownFileType = sourcecode.c.h; path = SVGUseElement_Mutable.h; sourceTree = "<group>"; };
		3FD8E49C18FB4C7100B65DBD /* SVGUtils.h */ = {isa = PBXFileReference; fileEncoding = 4; lastKnownFileType = sourcecode.c.h; path = SVGUtils.h; sourceTree = "<group>"; };
		3FD8E49D18FB4C7100B65DBD /* SVGViewSpec.h */ = {isa = PBXFileReference; fileEncoding = 4; lastKnownFileType = sourcecode.c.h; path = SVGViewSpec.h; sourceTree = "<group>"; };
		3FD8E49E18FB4C7100B65DBD /* Text.h */ = {isa = PBXFileReference; fileEncoding = 4; lastKnownFileType = sourcecode.c.h; path = Text.h; sourceTree = "<group>"; };
		3FD8E4A018FB4E2000B65DBD /* portrait.svg */ = {isa = PBXFileReference; fileEncoding = 4; lastKnownFileType = text.xml; path = portrait.svg; sourceTree = "<group>"; };
		3FD8E4A218FB4ED200B65DBD /* libxml2.dylib */ = {isa = PBXFileReference; lastKnownFileType = "compiled.mach-o.dylib"; name = libxml2.dylib; path = usr/lib/libxml2.dylib; sourceTree = SDKROOT; };
		3FDC3EE818FC0C43006A4EFC /* Icon-76.png */ = {isa = PBXFileReference; lastKnownFileType = image.png; path = "Icon-76.png"; sourceTree = "<group>"; };
		3FDC3EE918FC0C43006A4EFC /* Icon-76@2x.png */ = {isa = PBXFileReference; lastKnownFileType = image.png; path = "Icon-76@2x.png"; sourceTree = "<group>"; };
		3FDC3EEA18FC0C43006A4EFC /* Icon-Small-50.png */ = {isa = PBXFileReference; lastKnownFileType = image.png; path = "Icon-Small-50.png"; sourceTree = "<group>"; };
		3FDC3EEB18FC0C43006A4EFC /* Icon-Small-50@2x.png */ = {isa = PBXFileReference; lastKnownFileType = image.png; path = "Icon-Small-50@2x.png"; sourceTree = "<group>"; };
		3FDC3EEC18FC0C43006A4EFC /* Icon-Small.png */ = {isa = PBXFileReference; lastKnownFileType = image.png; path = "Icon-Small.png"; sourceTree = "<group>"; };
		3FDC3EED18FC0C43006A4EFC /* Icon-Small@2x.png */ = {isa = PBXFileReference; lastKnownFileType = image.png; path = "Icon-Small@2x.png"; sourceTree = "<group>"; };
		3FDC3EEE18FC0C43006A4EFC /* Icon.png */ = {isa = PBXFileReference; lastKnownFileType = image.png; path = Icon.png; sourceTree = "<group>"; };
		3FDC3EEF18FC0C43006A4EFC /* Icon@2x.png */ = {isa = PBXFileReference; lastKnownFileType = image.png; path = "Icon@2x.png"; sourceTree = "<group>"; };
		3FDC3EF018FC0C43006A4EFC /* iTunesArtwork.png */ = {isa = PBXFileReference; lastKnownFileType = image.png; path = iTunesArtwork.png; sourceTree = "<group>"; };
		3FDC3EF118FC0C43006A4EFC /* iTunesArtwork@2x.png */ = {isa = PBXFileReference; lastKnownFileType = image.png; path = "iTunesArtwork@2x.png"; sourceTree = "<group>"; };
/* End PBXFileReference section */

/* Begin PBXFrameworksBuildPhase section */
		3F310BB1175A9E480093AF99 /* Frameworks */ = {
			isa = PBXFrameworksBuildPhase;
			buildActionMask = 2147483647;
			files = (
				3FD8E4A318FB4ED200B65DBD /* libxml2.dylib in Frameworks */,
				3F310BB8175A9E480093AF99 /* UIKit.framework in Frameworks */,
				3F310BBA175A9E480093AF99 /* Foundation.framework in Frameworks */,
				3FD8E49F18FB4C7100B65DBD /* libSVGKit-iOS.1.2.0pre.a in Frameworks */,
				3F310BBC175A9E480093AF99 /* CoreGraphics.framework in Frameworks */,
			);
			runOnlyForDeploymentPostprocessing = 0;
		};
/* End PBXFrameworksBuildPhase section */

/* Begin PBXGroup section */
		3F310BAB175A9E480093AF99 = {
			isa = PBXGroup;
			children = (
				3F310BBD175A9E480093AF99 /* App Core */,
				3F310BE5175A9EC50093AF99 /* Main View */,
				3FA2FCBC18AE67BC00209EDC /* Debug */,
				3FD8E41218F99FC400B65DBD /* Model */,
				3F310BEF175E47B30093AF99 /* Categories */,
				3F310BBE175A9E480093AF99 /* Resources */,
				3F310BB6175A9E480093AF99 /* Frameworks */,
				3F310BB5175A9E480093AF99 /* Products */,
			);
			sourceTree = "<group>";
		};
		3F310BB5175A9E480093AF99 /* Products */ = {
			isa = PBXGroup;
			children = (
				3F310BB4175A9E480093AF99 /* Cipher.app */,
			);
			name = Products;
			sourceTree = "<group>";
		};
		3F310BB6175A9E480093AF99 /* Frameworks */ = {
			isa = PBXGroup;
			children = (
				3FD8E4A218FB4ED200B65DBD /* libxml2.dylib */,
				3FD8E41D18FB4C7000B65DBD /* SVGKit */,
				3F310BB7175A9E480093AF99 /* UIKit.framework */,
				3F310BB9175A9E480093AF99 /* Foundation.framework */,
				3F310BBB175A9E480093AF99 /* CoreGraphics.framework */,
			);
			name = Frameworks;
			sourceTree = "<group>";
		};
		3F310BBD175A9E480093AF99 /* App Core */ = {
			isa = PBXGroup;
			children = (
				3F310BC5175A9E480093AF99 /* Cipher-Prefix.pch */,
				3F310BBF175A9E480093AF99 /* Cipher-Info.plist */,
				3F310BC0175A9E480093AF99 /* InfoPlist.strings */,
				3F310BC3175A9E480093AF99 /* main.m */,
				3F310BCF175A9E480093AF99 /* iPad.storyboard */,
				3F310BE6175A9FEA0093AF99 /* iPhone.storyboard */,
				3F310BC6175A9E480093AF99 /* CipherAppDelegate.h */,
				3F310BC7175A9E480093AF99 /* CipherAppDelegate.m */,
			);
			name = "App Core";
			path = Cipher;
			sourceTree = "<group>";
		};
		3F310BBE175A9E480093AF99 /* Resources */ = {
			isa = PBXGroup;
			children = (
				3FDC3EE718FC0C43006A4EFC /* App Icon */,
				3FD8E4A018FB4E2000B65DBD /* portrait.svg */,
				3F310BD5175A9E480093AF99 /* first.png */,
				3F310BD7175A9E480093AF99 /* first@2x.png */,
				3F310BDC175A9E480093AF99 /* second.png */,
				3F310BDE175A9E480093AF99 /* second@2x.png */,
				3F310BC9175A9E480093AF99 /* Default.png */,
				3F310BCB175A9E480093AF99 /* Default@2x.png */,
				3F310BCD175A9E480093AF99 /* Default-568h@2x.png */,
			);
			name = Resources;
			path = Cipher;
			sourceTree = "<group>";
		};
		3F310BE5175A9EC50093AF99 /* Main View */ = {
			isa = PBXGroup;
			children = (
				3F310BD2175A9E480093AF99 /* CipherViewController.h */,
				3F310BD3175A9E480093AF99 /* CipherViewController.m */,
				3F310BEC175AB75B0093AF99 /* CipherLayer.h */,
				3F310BED175AB75B0093AF99 /* CipherLayer.m */,
				3F41C66618BE473B0019CB08 /* CipherLayerQuartz.h */,
				3F41C66718BE473B0019CB08 /* CipherLayerQuartz.m */,
			);
			name = "Main View";
			path = Cipher;
			sourceTree = "<group>";
		};
		3F310BEF175E47B30093AF99 /* Categories */ = {
			isa = PBXGroup;
			children = (
				3F310BF0175E47E30093AF99 /* UIBezierPath+PathMorphing.h */,
				3F310BF1175E47E30093AF99 /* UIBezierPath+PathMorphing.m */,
				3FD8E41318FA039F00B65DBD /* UIColor+ColorModifications.h */,
				3FD8E41418FA039F00B65DBD /* UIColor+ColorModifications.m */,
			);
			name = Categories;
			path = Cipher;
			sourceTree = "<group>";
		};
		3FA2FCBC18AE67BC00209EDC /* Debug */ = {
			isa = PBXGroup;
			children = (
				3F310BD9175A9E480093AF99 /* CipherDebugViewController.h */,
				3F310BDA175A9E480093AF99 /* CipherDebugViewController.m */,
				3FA2FCBD18AE67D600209EDC /* CipherDebugLayer.h */,
				3FA2FCBE18AE67D600209EDC /* CipherDebugLayer.m */,
			);
			name = Debug;
			path = Cipher;
			sourceTree = "<group>";
		};
		3FD8E41218F99FC400B65DBD /* Model */ = {
			isa = PBXGroup;
			children = (
				3FD8E40F18F99FBD00B65DBD /* CipherStroke.h */,
				3FD8E41018F99FBD00B65DBD /* CipherStroke.m */,
			);
			name = Model;
			path = Cipher;
			sourceTree = "<group>";
		};
		3FD8E41D18FB4C7000B65DBD /* SVGKit */ = {
			isa = PBXGroup;
			children = (
				3FD8E41E18FB4C7000B65DBD /* libSVGKit-iOS.1.2.0pre.a */,
				3FD8E41F18FB4C7000B65DBD /* usr */,
			);
			name = SVGKit;
			path = svgkit;
			sourceTree = "<group>";
		};
		3FD8E41F18FB4C7000B65DBD /* usr */ = {
			isa = PBXGroup;
			children = (
				3FD8E42018FB4C7000B65DBD /* local */,
			);
			path = usr;
			sourceTree = "<group>";
		};
		3FD8E42018FB4C7000B65DBD /* local */ = {
			isa = PBXGroup;
			children = (
				3FD8E42118FB4C7000B65DBD /* include */,
			);
			path = local;
			sourceTree = "<group>";
		};
		3FD8E42118FB4C7000B65DBD /* include */ = {
			isa = PBXGroup;
			children = (
				3FD8E42218FB4C7000B65DBD /* AppleSucksDOMImplementation.h */,
				3FD8E42318FB4C7000B65DBD /* Attr.h */,
				3FD8E42418FB4C7000B65DBD /* BaseClassForAllSVGBasicShapes.h */,
				3FD8E42518FB4C7000B65DBD /* BaseClassForAllSVGBasicShapes_ForSubclasses.h */,
				3FD8E42618FB4C7000B65DBD /* CALayer+RecursiveClone.h */,
				3FD8E42718FB4C7000B65DBD /* CALayerExporter.h */,
				3FD8E42818FB4C7000B65DBD /* CALayerWithChildHitTest.h */,
				3FD8E42918FB4C7000B65DBD /* CAShapeLayerWithHitTest.h */,
				3FD8E42A18FB4C7000B65DBD /* CDATASection.h */,
				3FD8E42B18FB4C7000B65DBD /* CGPathAdditions.h */,
				3FD8E42C18FB4C7000B65DBD /* CharacterData.h */,
				3FD8E42D18FB4C7000B65DBD /* Comment.h */,
				3FD8E42E18FB4C7000B65DBD /* ContextFilterLogFormatter.h */,
				3FD8E42F18FB4C7000B65DBD /* ConverterSVGToCALayer.h */,
				3FD8E43018FB4C7000B65DBD /* CSSPrimitiveValue.h */,
				3FD8E43118FB4C7000B65DBD /* CSSRule.h */,
				3FD8E43218FB4C7000B65DBD /* CSSRuleList+Mutable.h */,
				3FD8E43318FB4C7000B65DBD /* CSSRuleList.h */,
				3FD8E43418FB4C7000B65DBD /* CSSStyleDeclaration.h */,
				3FD8E43518FB4C7000B65DBD /* CSSStyleRule.h */,
				3FD8E43618FB4C7000B65DBD /* CSSStyleSheet.h */,
				3FD8E43718FB4C7000B65DBD /* CSSValue.h */,
				3FD8E43818FB4C7000B65DBD /* CSSValue_ForSubclasses.h */,
				3FD8E43918FB4C7000B65DBD /* CSSValueList.h */,
				3FD8E43A18FB4C7000B65DBD /* DDAbstractDatabaseLogger.h */,
				3FD8E43B18FB4C7000B65DBD /* DDASLLogger.h */,
				3FD8E43C18FB4C7000B65DBD /* DDFileLogger.h */,
				3FD8E43D18FB4C7000B65DBD /* DDLog.h */,
				3FD8E43E18FB4C7000B65DBD /* DDTTYLogger.h */,
				3FD8E43F18FB4C7000B65DBD /* DispatchQueueLogFormatter.h */,
				3FD8E44018FB4C7000B65DBD /* Document+Mutable.h */,
				3FD8E44118FB4C7000B65DBD /* Document.h */,
				3FD8E44218FB4C7000B65DBD /* DocumentCSS.h */,
				3FD8E44318FB4C7000B65DBD /* DocumentFragment.h */,
				3FD8E44418FB4C7000B65DBD /* DocumentStyle.h */,
				3FD8E44518FB4C7000B65DBD /* DocumentType.h */,
				3FD8E44618FB4C7000B65DBD /* DOMGlobalSettings.h */,
				3FD8E44718FB4C7000B65DBD /* DOMHelperUtilities.h */,
				3FD8E44818FB4C7000B65DBD /* Element.h */,
				3FD8E44918FB4C7000B65DBD /* EntityReference.h */,
				3FD8E44A18FB4C7000B65DBD /* MediaList.h */,
				3FD8E44B18FB4C7000B65DBD /* NamedNodeMap.h */,
				3FD8E44C18FB4C7000B65DBD /* NamedNodeMap_Iterable.h */,
				3FD8E44D18FB4C7000B65DBD /* Node+Mutable.h */,
				3FD8E44E18FB4C7000B65DBD /* Node.h */,
				3FD8E44F18FB4C7000B65DBD /* NodeList+Mutable.h */,
				3FD8E45018FB4C7000B65DBD /* NodeList.h */,
				3FD8E45118FB4C7000B65DBD /* NSCharacterSet+SVGKExtensions.h */,
				3FD8E45218FB4C7000B65DBD /* ProcessingInstruction.h */,
				3FD8E45318FB4C7000B65DBD /* StyleSheet.h */,
				3FD8E45418FB4C7100B65DBD /* StyleSheetList.h */,
				3FD8E45518FB4C7100B65DBD /* SVGAngle.h */,
				3FD8E45618FB4C7100B65DBD /* SVGAnimatedPreserveAspectRatio.h */,
				3FD8E45718FB4C7100B65DBD /* SVGCircleElement.h */,
				3FD8E45818FB4C7100B65DBD /* SVGDefsElement.h */,
				3FD8E45918FB4C7100B65DBD /* SVGDescriptionElement.h */,
				3FD8E45A18FB4C7100B65DBD /* SVGDocument.h */,
				3FD8E45B18FB4C7100B65DBD /* SVGDocument_Mutable.h */,
				3FD8E45C18FB4C7100B65DBD /* SVGElement.h */,
				3FD8E45D18FB4C7100B65DBD /* SVGElement_ForParser.h */,
				3FD8E45E18FB4C7100B65DBD /* SVGElementInstance.h */,
				3FD8E45F18FB4C7100B65DBD /* SVGElementInstance_Mutable.h */,
				3FD8E46018FB4C7100B65DBD /* SVGElementInstanceList.h */,
				3FD8E46118FB4C7100B65DBD /* SVGElementInstanceList_Internal.h */,
				3FD8E46218FB4C7100B65DBD /* SVGEllipseElement.h */,
				3FD8E46318FB4C7100B65DBD /* SVGFitToViewBox.h */,
				3FD8E46418FB4C7100B65DBD /* SVGGElement.h */,
				3FD8E46518FB4C7100B65DBD /* SVGGradientElement.h */,
				3FD8E46618FB4C7100B65DBD /* SVGGradientLayer.h */,
				3FD8E46718FB4C7100B65DBD /* SVGGradientStop.h */,
				3FD8E46818FB4C7100B65DBD /* SVGGroupElement.h */,
				3FD8E46918FB4C7100B65DBD /* SVGHelperUtilities.h */,
				3FD8E46A18FB4C7100B65DBD /* SVGImageElement.h */,
				3FD8E46B18FB4C7100B65DBD /* SVGKExporterNSData.h */,
				3FD8E46C18FB4C7100B65DBD /* SVGKExporterUIImage.h */,
				3FD8E46D18FB4C7100B65DBD /* SVGKFastImageView.h */,
				3FD8E46E18FB4C7100B65DBD /* SVGKImage+CGContext.h */,
				3FD8E46F18FB4C7100B65DBD /* SVGKImage.h */,
				3FD8E47018FB4C7100B65DBD /* SVGKImageView.h */,
				3FD8E47118FB4C7100B65DBD /* SVGKit.h */,
				3FD8E47218FB4C7100B65DBD /* SVGKLayer.h */,
				3FD8E47318FB4C7100B65DBD /* SVGKLayeredImageView.h */,
				3FD8E47418FB4C7100B65DBD /* SVGKParser.h */,
				3FD8E47518FB4C7100B65DBD /* SVGKParserDefsAndUse.h */,
				3FD8E47618FB4C7100B65DBD /* SVGKParserDOM.h */,
				3FD8E47718FB4C7100B65DBD /* SVGKParseResult.h */,
				3FD8E47818FB4C7100B65DBD /* SVGKParserExtension.h */,
				3FD8E47918FB4C7100B65DBD /* SVGKParserGradient.h */,
				3FD8E47A18FB4C7100B65DBD /* SVGKParserPatternsAndGradients.h */,
				3FD8E47B18FB4C7100B65DBD /* SVGKParserStyles.h */,
				3FD8E47C18FB4C7100B65DBD /* SVGKParserSVG.h */,
				3FD8E47D18FB4C7100B65DBD /* SVGKPattern.h */,
				3FD8E47E18FB4C7100B65DBD /* SVGKPointsAndPathsParser.h */,
				3FD8E47F18FB4C7100B65DBD /* SVGKSource.h */,
				3FD8E48018FB4C7100B65DBD /* SVGKSourceLocalFile.h */,
				3FD8E48118FB4C7100B65DBD /* SVGKSourceString.h */,
				3FD8E48218FB4C7100B65DBD /* SVGKSourceURL.h */,
				3FD8E48318FB4C7100B65DBD /* SVGLength.h */,
				3FD8E48418FB4C7100B65DBD /* SVGLineElement.h */,
				3FD8E48518FB4C7100B65DBD /* SVGMatrix.h */,
				3FD8E48618FB4C7100B65DBD /* SVGNumber.h */,
				3FD8E48718FB4C7100B65DBD /* SVGPathElement.h */,
				3FD8E48818FB4C7100B65DBD /* SVGPoint.h */,
				3FD8E48918FB4C7100B65DBD /* SVGPolygonElement.h */,
				3FD8E48A18FB4C7100B65DBD /* SVGPolylineElement.h */,
				3FD8E48B18FB4C7100B65DBD /* SVGPreserveAspectRatio.h */,
				3FD8E48C18FB4C7100B65DBD /* SVGRect.h */,
				3FD8E48D18FB4C7100B65DBD /* SVGRectElement.h */,
				3FD8E48E18FB4C7100B65DBD /* SVGStylable.h */,
				3FD8E48F18FB4C7100B65DBD /* SVGStyleCatcher.h */,
				3FD8E49018FB4C7100B65DBD /* SVGStyleElement.h */,
				3FD8E49118FB4C7100B65DBD /* SVGSVGElement.h */,
				3FD8E49218FB4C7100B65DBD /* SVGSVGElement_Mutable.h */,
				3FD8E49318FB4C7100B65DBD /* SVGTextContentElement.h */,
				3FD8E49418FB4C7100B65DBD /* SVGTextElement.h */,
				3FD8E49518FB4C7100B65DBD /* SVGTextPositioningElement.h */,
				3FD8E49618FB4C7100B65DBD /* SVGTextPositioningElement_Mutable.h */,
				3FD8E49718FB4C7100B65DBD /* SVGTitleElement.h */,
				3FD8E49818FB4C7100B65DBD /* SVGTransform.h */,
				3FD8E49918FB4C7100B65DBD /* SVGTransformable.h */,
				3FD8E49A18FB4C7100B65DBD /* SVGUseElement.h */,
				3FD8E49B18FB4C7100B65DBD /* SVGUseElement_Mutable.h */,
				3FD8E49C18FB4C7100B65DBD /* SVGUtils.h */,
				3FD8E49D18FB4C7100B65DBD /* SVGViewSpec.h */,
				3FD8E49E18FB4C7100B65DBD /* Text.h */,
			);
			path = include;
			sourceTree = "<group>";
		};
		3FDC3EE718FC0C43006A4EFC /* App Icon */ = {
			isa = PBXGroup;
			children = (
				3FDC3EE818FC0C43006A4EFC /* Icon-76.png */,
				3FDC3EE918FC0C43006A4EFC /* Icon-76@2x.png */,
				3FDC3EEA18FC0C43006A4EFC /* Icon-Small-50.png */,
				3FDC3EEB18FC0C43006A4EFC /* Icon-Small-50@2x.png */,
				3FDC3EEC18FC0C43006A4EFC /* Icon-Small.png */,
				3FDC3EED18FC0C43006A4EFC /* Icon-Small@2x.png */,
				3FDC3EEE18FC0C43006A4EFC /* Icon.png */,
				3FDC3EEF18FC0C43006A4EFC /* Icon@2x.png */,
				3FDC3EF018FC0C43006A4EFC /* iTunesArtwork.png */,
				3FDC3EF118FC0C43006A4EFC /* iTunesArtwork@2x.png */,
			);
			path = "App Icon";
			sourceTree = "<group>";
		};
/* End PBXGroup section */

/* Begin PBXNativeTarget section */
		3F310BB3175A9E480093AF99 /* Cipher */ = {
			isa = PBXNativeTarget;
			buildConfigurationList = 3F310BE2175A9E480093AF99 /* Build configuration list for PBXNativeTarget "Cipher" */;
			buildPhases = (
				3F310BB0175A9E480093AF99 /* Sources */,
				3F310BB1175A9E480093AF99 /* Frameworks */,
				3F310BB2175A9E480093AF99 /* Resources */,
			);
			buildRules = (
			);
			dependencies = (
			);
			name = Cipher;
			productName = Cipher;
			productReference = 3F310BB4175A9E480093AF99 /* Cipher.app */;
			productType = "com.apple.product-type.application";
		};
/* End PBXNativeTarget section */

/* Begin PBXProject section */
		3F310BAC175A9E480093AF99 /* Project object */ = {
			isa = PBXProject;
			attributes = {
				CLASSPREFIX = Cipher;
				LastUpgradeCheck = 0460;
				ORGANIZATIONNAME = "Leonhard Lichtschlag";
			};
			buildConfigurationList = 3F310BAF175A9E480093AF99 /* Build configuration list for PBXProject "Cipher" */;
			compatibilityVersion = "Xcode 3.2";
			developmentRegion = English;
			hasScannedForEncodings = 0;
			knownRegions = (
				en,
			);
			mainGroup = 3F310BAB175A9E480093AF99;
			productRefGroup = 3F310BB5175A9E480093AF99 /* Products */;
			projectDirPath = "";
			projectRoot = "";
			targets = (
				3F310BB3175A9E480093AF99 /* Cipher */,
			);
		};
/* End PBXProject section */

/* Begin PBXResourcesBuildPhase section */
		3F310BB2175A9E480093AF99 /* Resources */ = {
			isa = PBXResourcesBuildPhase;
			buildActionMask = 2147483647;
			files = (
				3FDC3EF818FC0C43006A4EFC /* Icon.png in Resources */,
				3FDC3EF618FC0C43006A4EFC /* Icon-Small.png in Resources */,
				3F310BC2175A9E480093AF99 /* InfoPlist.strings in Resources */,
				3FDC3EF418FC0C43006A4EFC /* Icon-Small-50.png in Resources */,
				3F310BCA175A9E480093AF99 /* Default.png in Resources */,
				3FDC3EF718FC0C43006A4EFC /* Icon-Small@2x.png in Resources */,
				3F310BCC175A9E480093AF99 /* Default@2x.png in Resources */,
				3FDC3EF318FC0C43006A4EFC /* Icon-76@2x.png in Resources */,
				3F310BCE175A9E480093AF99 /* Default-568h@2x.png in Resources */,
				3F310BD1175A9E480093AF99 /* iPad.storyboard in Resources */,
				3FDC3EF218FC0C43006A4EFC /* Icon-76.png in Resources */,
				3F310BD6175A9E480093AF99 /* first.png in Resources */,
				3F310BD8175A9E480093AF99 /* first@2x.png in Resources */,
				3F310BDD175A9E480093AF99 /* second.png in Resources */,
				3F310BDF175A9E480093AF99 /* second@2x.png in Resources */,
				3FDC3EF918FC0C43006A4EFC /* Icon@2x.png in Resources */,
				3FDC3EFB18FC0C43006A4EFC /* iTunesArtwork@2x.png in Resources */,
				3FDC3EF518FC0C43006A4EFC /* Icon-Small-50@2x.png in Resources */,
				3FD8E4A118FB4E2000B65DBD /* portrait.svg in Resources */,
				3FDC3EFA18FC0C43006A4EFC /* iTunesArtwork.png in Resources */,
				3F310BE7175A9FEA0093AF99 /* iPhone.storyboard in Resources */,
			);
			runOnlyForDeploymentPostprocessing = 0;
		};
/* End PBXResourcesBuildPhase section */

/* Begin PBXSourcesBuildPhase section */
		3F310BB0175A9E480093AF99 /* Sources */ = {
			isa = PBXSourcesBuildPhase;
			buildActionMask = 2147483647;
			files = (
				3F310BC4175A9E480093AF99 /* main.m in Sources */,
				3F310BC8175A9E480093AF99 /* CipherAppDelegate.m in Sources */,
				3FA2FCBF18AE67D600209EDC /* CipherDebugLayer.m in Sources */,
				3FD8E41118F99FBD00B65DBD /* CipherStroke.m in Sources */,
				3F310BD4175A9E480093AF99 /* CipherViewController.m in Sources */,
				3F310BDB175A9E480093AF99 /* CipherDebugViewController.m in Sources */,
				3F41C66818BE473B0019CB08 /* CipherLayerQuartz.m in Sources */,
				3F310BEE175AB75B0093AF99 /* CipherLayer.m in Sources */,
				3F310BF2175E47E30093AF99 /* UIBezierPath+PathMorphing.m in Sources */,
				3FD8E41518FA039F00B65DBD /* UIColor+ColorModifications.m in Sources */,
			);
			runOnlyForDeploymentPostprocessing = 0;
		};
/* End PBXSourcesBuildPhase section */

/* Begin PBXVariantGroup section */
		3F310BC0175A9E480093AF99 /* InfoPlist.strings */ = {
			isa = PBXVariantGroup;
			children = (
				3F310BC1175A9E480093AF99 /* en */,
			);
			name = InfoPlist.strings;
			sourceTree = "<group>";
		};
		3F310BCF175A9E480093AF99 /* iPad.storyboard */ = {
			isa = PBXVariantGroup;
			children = (
				3F310BD0175A9E480093AF99 /* en */,
			);
			name = iPad.storyboard;
			sourceTree = "<group>";
		};
/* End PBXVariantGroup section */

/* Begin XCBuildConfiguration section */
		3F310BE0175A9E480093AF99 /* Debug */ = {
			isa = XCBuildConfiguration;
			buildSettings = {
				ALWAYS_SEARCH_USER_PATHS = NO;
				CLANG_CXX_LANGUAGE_STANDARD = "gnu++0x";
				CLANG_CXX_LIBRARY = "libc++";
				CLANG_ENABLE_MODULES = YES;
				CLANG_ENABLE_OBJC_ARC = YES;
				CLANG_WARN_CONSTANT_CONVERSION = YES;
				CLANG_WARN_EMPTY_BODY = YES;
				CLANG_WARN_ENUM_CONVERSION = YES;
				CLANG_WARN_INT_CONVERSION = YES;
				CLANG_WARN__DUPLICATE_METHOD_MATCH = YES;
				"CODE_SIGN_IDENTITY[sdk=iphoneos*]" = "iPhone Developer";
				COPY_PHASE_STRIP = NO;
				GCC_C_LANGUAGE_STANDARD = gnu99;
				GCC_DYNAMIC_NO_PIC = NO;
				GCC_OPTIMIZATION_LEVEL = 0;
				GCC_PREPROCESSOR_DEFINITIONS = (
					"DEBUG=1",
					"$(inherited)",
				);
				GCC_SYMBOLS_PRIVATE_EXTERN = NO;
				GCC_WARN_ABOUT_RETURN_TYPE = YES;
				GCC_WARN_UNINITIALIZED_AUTOS = YES;
				GCC_WARN_UNUSED_VARIABLE = YES;
				ONLY_ACTIVE_ARCH = YES;
				OTHER_LDFLAGS = "-ObjC";
				SDKROOT = iphoneos;
			};
			name = Debug;
		};
		3F310BE1175A9E480093AF99 /* Release */ = {
			isa = XCBuildConfiguration;
			buildSettings = {
				ALWAYS_SEARCH_USER_PATHS = NO;
				CLANG_CXX_LANGUAGE_STANDARD = "gnu++0x";
				CLANG_CXX_LIBRARY = "libc++";
				CLANG_ENABLE_MODULES = YES;
				CLANG_ENABLE_OBJC_ARC = YES;
				CLANG_WARN_CONSTANT_CONVERSION = YES;
				CLANG_WARN_EMPTY_BODY = YES;
				CLANG_WARN_ENUM_CONVERSION = YES;
				CLANG_WARN_INT_CONVERSION = YES;
				CLANG_WARN__DUPLICATE_METHOD_MATCH = YES;
				"CODE_SIGN_IDENTITY[sdk=iphoneos*]" = "iPhone Developer";
				COPY_PHASE_STRIP = YES;
				GCC_C_LANGUAGE_STANDARD = gnu99;
				GCC_WARN_ABOUT_RETURN_TYPE = YES;
				GCC_WARN_UNINITIALIZED_AUTOS = YES;
				GCC_WARN_UNUSED_VARIABLE = YES;
				OTHER_CFLAGS = "-DNS_BLOCK_ASSERTIONS=1";
				OTHER_LDFLAGS = "-ObjC";
				SDKROOT = iphoneos;
				VALIDATE_PRODUCT = YES;
			};
			name = Release;
		};
		3F310BE3175A9E480093AF99 /* Debug */ = {
			isa = XCBuildConfiguration;
			buildSettings = {
				GCC_PRECOMPILE_PREFIX_HEADER = YES;
				GCC_PREFIX_HEADER = "Cipher/Cipher-Prefix.pch";
				INFOPLIST_FILE = "Cipher/Cipher-Info.plist";
				IPHONEOS_DEPLOYMENT_TARGET = 7.0;
				LIBRARY_SEARCH_PATHS = (
					"$(inherited)",
					"$(PROJECT_DIR)/svgkit",
				);
				PRODUCT_NAME = "$(TARGET_NAME)";
				TARGETED_DEVICE_FAMILY = "1,2";
				WRAPPER_EXTENSION = app;
			};
			name = Debug;
		};
		3F310BE4175A9E480093AF99 /* Release */ = {
			isa = XCBuildConfiguration;
			buildSettings = {
				GCC_PRECOMPILE_PREFIX_HEADER = YES;
				GCC_PREFIX_HEADER = "Cipher/Cipher-Prefix.pch";
				INFOPLIST_FILE = "Cipher/Cipher-Info.plist";
				IPHONEOS_DEPLOYMENT_TARGET = 7.0;
				LIBRARY_SEARCH_PATHS = (
					"$(inherited)",
					"$(PROJECT_DIR)/svgkit",
				);
				PRODUCT_NAME = "$(TARGET_NAME)";
				TARGETED_DEVICE_FAMILY = "1,2";
				WRAPPER_EXTENSION = app;
			};
			name = Release;
		};
/* End XCBuildConfiguration section */

/* Begin XCConfigurationList section */
		3F310BAF175A9E480093AF99 /* Build configuration list for PBXProject "Cipher" */ = {
			isa = XCConfigurationList;
			buildConfigurations = (
				3F310BE0175A9E480093AF99 /* Debug */,
				3F310BE1175A9E480093AF99 /* Release */,
			);
			defaultConfigurationIsVisible = 0;
			defaultConfigurationName = Release;
		};
		3F310BE2175A9E480093AF99 /* Build configuration list for PBXNativeTarget "Cipher" */ = {
			isa = XCConfigurationList;
			buildConfigurations = (
				3F310BE3175A9E480093AF99 /* Debug */,
				3F310BE4175A9E480093AF99 /* Release */,
			);
			defaultConfigurationIsVisible = 0;
			defaultConfigurationName = Release;
		};
/* End XCConfigurationList section */
	};
	rootObject = 3F310BAC175A9E480093AF99 /* Project object */;
}
